// !$*UTF8*$!
{
	archiveVersion = 1;
	classes = {
	};
	objectVersion = 46;
	objects = {
/* Begin PBXBuildFile section */
		1D3623260D0F684500981E51 /* AppDelegate.m in Sources */ = {isa = PBXBuildFile; fileRef = 1D3623250D0F684500981E51 /* AppDelegate.m */; };
		1D60589B0D05DD56006BFB54 /* main.m in Sources */ = {isa = PBXBuildFile; fileRef = 29B97316FDCFA39411CA2CEA /* main.m */; };
		288765FD0DF74451002DB57D /* CoreGraphics.framework in Frameworks */ = {isa = PBXBuildFile; fileRef = 288765FC0DF74451002DB57D /* CoreGraphics.framework */; };
		301BF552109A68D80062928A /* libCordova.a in Frameworks */ = {isa = PBXBuildFile; fileRef = 301BF535109A57CC0062928A /* libCordova.a */; };
		302D95F114D2391D003F00A1 /* MainViewController.m in Sources */ = {isa = PBXBuildFile; fileRef = 302D95EF14D2391D003F00A1 /* MainViewController.m */; };
		302D95F214D2391D003F00A1 /* MainViewController.xib in Resources */ = {isa = PBXBuildFile; fileRef = 302D95F014D2391D003F00A1 /* MainViewController.xib */; };
		305D5FD1115AB8F900A74A75 /* MobileCoreServices.framework in Frameworks */ = {isa = PBXBuildFile; fileRef = 305D5FD0115AB8F900A74A75 /* MobileCoreServices.framework */; };
		3088BBBD154F3926009F9C59 /* Default-Landscape@2x~ipad.png in Resources */ = {isa = PBXBuildFile; fileRef = 3088BBB7154F3926009F9C59 /* Default-Landscape@2x~ipad.png */; };
		3088BBBE154F3926009F9C59 /* Default-Landscape~ipad.png in Resources */ = {isa = PBXBuildFile; fileRef = 3088BBB8154F3926009F9C59 /* Default-Landscape~ipad.png */; };
		3088BBBF154F3926009F9C59 /* Default-Portrait@2x~ipad.png in Resources */ = {isa = PBXBuildFile; fileRef = 3088BBB9154F3926009F9C59 /* Default-Portrait@2x~ipad.png */; };
		3088BBC0154F3926009F9C59 /* Default-Portrait~ipad.png in Resources */ = {isa = PBXBuildFile; fileRef = 3088BBBA154F3926009F9C59 /* Default-Portrait~ipad.png */; };
		3088BBC1154F3926009F9C59 /* Default@2x~iphone.png in Resources */ = {isa = PBXBuildFile; fileRef = 3088BBBB154F3926009F9C59 /* Default@2x~iphone.png */; };
		3088BBC2154F3926009F9C59 /* Default~iphone.png in Resources */ = {isa = PBXBuildFile; fileRef = 3088BBBC154F3926009F9C59 /* Default~iphone.png */; };
		308D05371370CCF300D202BF /* icon-72.png in Resources */ = {isa = PBXBuildFile; fileRef = 308D052E1370CCF300D202BF /* icon-72.png */; };
		308D05381370CCF300D202BF /* icon.png in Resources */ = {isa = PBXBuildFile; fileRef = 308D052F1370CCF300D202BF /* icon.png */; };
		308D05391370CCF300D202BF /* icon@2x.png in Resources */ = {isa = PBXBuildFile; fileRef = 308D05301370CCF300D202BF /* icon@2x.png */; };
		30B4F30019D5E07200D9F7D8 /* Default-667h.png in Resources */ = {isa = PBXBuildFile; fileRef = 30B4F2FD19D5E07200D9F7D8 /* Default-667h.png */; };
		30B4F30119D5E07200D9F7D8 /* Default-736h.png in Resources */ = {isa = PBXBuildFile; fileRef = 30B4F2FE19D5E07200D9F7D8 /* Default-736h.png */; };
		30B4F30219D5E07200D9F7D8 /* Default-Landscape-736h.png in Resources */ = {isa = PBXBuildFile; fileRef = 30B4F2FF19D5E07200D9F7D8 /* Default-Landscape-736h.png */; };
		30C1856619D5FC0A00212699 /* icon-60@3x.png in Resources */ = {isa = PBXBuildFile; fileRef = 30C1856519D5FC0A00212699 /* icon-60@3x.png */; };
		30FC414916E50CA1004E6F35 /* icon-72@2x.png in Resources */ = {isa = PBXBuildFile; fileRef = 30FC414816E50CA1004E6F35 /* icon-72@2x.png */; };
		5B1594DD16A7569C00FEF299 /* AssetsLibrary.framework in Frameworks */ = {isa = PBXBuildFile; fileRef = 5B1594DC16A7569C00FEF299 /* AssetsLibrary.framework */; };
		7E7966DE1810823500FA85AD /* icon-40.png in Resources */ = {isa = PBXBuildFile; fileRef = 7E7966D41810823500FA85AD /* icon-40.png */; };
		7E7966DF1810823500FA85AD /* icon-40@2x.png in Resources */ = {isa = PBXBuildFile; fileRef = 7E7966D51810823500FA85AD /* icon-40@2x.png */; };
		7E7966E01810823500FA85AD /* icon-50.png in Resources */ = {isa = PBXBuildFile; fileRef = 7E7966D61810823500FA85AD /* icon-50.png */; };
		7E7966E11810823500FA85AD /* icon-50@2x.png in Resources */ = {isa = PBXBuildFile; fileRef = 7E7966D71810823500FA85AD /* icon-50@2x.png */; };
		7E7966E21810823500FA85AD /* icon-60.png in Resources */ = {isa = PBXBuildFile; fileRef = 7E7966D81810823500FA85AD /* icon-60.png */; };
		7E7966E31810823500FA85AD /* icon-60@2x.png in Resources */ = {isa = PBXBuildFile; fileRef = 7E7966D91810823500FA85AD /* icon-60@2x.png */; };
		7E7966E41810823500FA85AD /* icon-76.png in Resources */ = {isa = PBXBuildFile; fileRef = 7E7966DA1810823500FA85AD /* icon-76.png */; };
		7E7966E51810823500FA85AD /* icon-76@2x.png in Resources */ = {isa = PBXBuildFile; fileRef = 7E7966DB1810823500FA85AD /* icon-76@2x.png */; };
		7E7966E61810823500FA85AD /* icon-small.png in Resources */ = {isa = PBXBuildFile; fileRef = 7E7966DC1810823500FA85AD /* icon-small.png */; };
		7E7966E71810823500FA85AD /* icon-small@2x.png in Resources */ = {isa = PBXBuildFile; fileRef = 7E7966DD1810823500FA85AD /* icon-small@2x.png */; };
		D4A0D8761607E02300AEF8BB /* Default-568h@2x~iphone.png in Resources */ = {isa = PBXBuildFile; fileRef = D4A0D8751607E02300AEF8BB /* Default-568h@2x~iphone.png */; };
		09EB173B217C4E98AB77E209 /* EVOBLE.m in Sources */ = {isa = PBXBuildFile; fileRef = 2C76DF5CCA4D48E08FF5F3B1 /* EVOBLE.m */; };
		6208B6420052426085D4367F /* CoreBluetooth.framework in Frameworks */ = {isa = PBXBuildFile; fileRef = 167200B49EBF43269EADDAEE /* CoreBluetooth.framework */; };
		C670DBFFDCAE4863943DD762 /* MEGBluetoothSerial.m in Sources */ = {isa = PBXBuildFile; fileRef = 4C9F4166514F4FF8B8847099 /* MEGBluetoothSerial.m */; };
		E27AD2D268864A6DB810CDC7 /* CBPeripheral+Extensions.m in Sources */ = {isa = PBXBuildFile; fileRef = 4DAE9FC05BE3400BB86D7433 /* CBPeripheral+Extensions.m */; };
		1754673B1C324EBE8AD0DCE8 /* BLE.m in Sources */ = {isa = PBXBuildFile; fileRef = 2EB1399D1B8544FEAEED35E4 /* BLE.m */; };
		7AD32331D4A64453A4210FD7 /* PayPalMobileCordovaPlugin.m in Sources */ = {isa = PBXBuildFile; fileRef = 5BB155EA33B04AD7A4FD6FC1 /* PayPalMobileCordovaPlugin.m */; };
		6685F0632CC94385922251F7 /* libPayPalMobile.a in Frameworks */ = {isa = PBXBuildFile; fileRef = F62C0F9C252D49E0B2013737 /* libPayPalMobile.a */; };
		12E16C81FDF64DEA924D25D8 /* AudioToolbox.framework in Frameworks */ = {isa = PBXBuildFile; fileRef = BD5AF31D0E6243EA9814A66E /* AudioToolbox.framework */; };
		2284F89AC556498EA3602EB5 /* AVFoundation.framework in Frameworks */ = {isa = PBXBuildFile; fileRef = 854DFA7AE8A34F4C8BA18F21 /* AVFoundation.framework */; };
		85148D08823F4A5EA636F11E /* CFNetwork.framework in Frameworks */ = {isa = PBXBuildFile; fileRef = F74906FDF2424B59B51CC3E6 /* CFNetwork.framework */; };
		1D83C3EB59FA4C4A930DFD49 /* CoreLocation.framework in Frameworks */ = {isa = PBXBuildFile; fileRef = 58332CAA76674E2A87EE728C /* CoreLocation.framework */; settings = {ATTRIBUTES = (Weak, ); }; };
		70D4630A7ECE47D29EFD8671 /* CoreVideo.framework in Frameworks */ = {isa = PBXBuildFile; fileRef = 338C36C8372D48C3A1C573BE /* CoreVideo.framework */; };
		3CF4CC7F0E1D4379AF5E8A57 /* MessageUI.framework in Frameworks */ = {isa = PBXBuildFile; fileRef = E8501F6BDB554EE0B0E2016B /* MessageUI.framework */; };
		B3A7F82C6F5A49FEBE349F0E /* OpenGLES.framework in Frameworks */ = {isa = PBXBuildFile; fileRef = 63DD95DBC12F4FD09140C5EF /* OpenGLES.framework */; };
		88611F003A13480783648B95 /* Security.framework in Frameworks */ = {isa = PBXBuildFile; fileRef = FE3CDD3FD795451486216EA4 /* Security.framework */; };
		F1AD1B1A419B4F4796948E14 /* SystemConfiguration.framework in Frameworks */ = {isa = PBXBuildFile; fileRef = 9E11B7866A894F1B8CE01C6D /* SystemConfiguration.framework */; };
		856B910A2F4A4BBAA710B2A8 /* QuartzCore.framework in Frameworks */ = {isa = PBXBuildFile; fileRef = 55801EC99D6F47F7902DC742 /* QuartzCore.framework */; };
		64C5137FC27F4822A69C30F6 /* UIKit.framework in Frameworks */ = {isa = PBXBuildFile; fileRef = 3248B16FEB4E4DABB47FCEC9 /* UIKit.framework */; };
		EE8A7A926E3D4B9EBA8301AF /* libc++.dylib in Frameworks */ = {isa = PBXBuildFile; fileRef = EF2C8331484C4A14BCA0CA3C /* libc++.dylib */; };
		0ABEECFB07B84AC684F8F0B3 /* libPayPalMobile.a in Frameworks */ = {isa = PBXBuildFile; fileRef = E1286D4191DF4F7EA9A7F9DB /* libPayPalMobile.a */; };
		CB5542607E9F433FA875B6B7 /* CDVLocationManager.m in Sources */ = {isa = PBXBuildFile; fileRef = 74F1824B1EB44F9DAE048906 /* CDVLocationManager.m */; };
		073A3626063B4F91B22958CC /* AppDelegate+CDVLocationManager.m in Sources */ = {isa = PBXBuildFile; fileRef = ADFB7296F25C487C9CBA127E /* AppDelegate+CDVLocationManager.m */; };
		0A41690A962241048DD1505B /* LMLogger.m in Sources */ = {isa = PBXBuildFile; fileRef = EFD14A338F084935A2ADEE2A /* LMLogger.m */; };
		E7EFAAE99B6840129209C0E2 /* CoreMotion.framework in Frameworks */ = {isa = PBXBuildFile; fileRef = F8D2F9EA54514263A9F79EC6 /* CoreMotion.framework */; };
		9750DE91BD79404E81FBD8C5 /* CDVDevice.m in Sources */ = {isa = PBXBuildFile; fileRef = 1260FCC322624E478688EFDC /* CDVDevice.m */; };
		FB5180693B74444896D884CA /* AppDelegate+APPLocalNotification.m in Sources */ = {isa = PBXBuildFile; fileRef = ED8F41329C7E430CB6049F6A /* AppDelegate+APPLocalNotification.m */; };
		19E34E6A2DEB4964AA1650BF /* APPLocalNotification.m in Sources */ = {isa = PBXBuildFile; fileRef = E01FCA80A6A04CE483CD6266 /* APPLocalNotification.m */; };
		43FAA97976B843A5876F1748 /* APPLocalNotificationOptions.m in Sources */ = {isa = PBXBuildFile; fileRef = D8961BA2A8A84C16A831213F /* APPLocalNotificationOptions.m */; };
		B181FA5EBCAA440CBB47D2B2 /* UIApplication+APPLocalNotification.m in Sources */ = {isa = PBXBuildFile; fileRef = C681EC674BBD47D3B80216DC /* UIApplication+APPLocalNotification.m */; };
		044B2D28699241BD88BAA9E1 /* UILocalNotification+APPLocalNotification.m in Sources */ = {isa = PBXBuildFile; fileRef = A445EBD9FD8C4DB18C2FED39 /* UILocalNotification+APPLocalNotification.m */; };
		14FE1FF5D9DA40E5BBFA3CFF /* UIImage+CropScaleOrientation.m in Sources */ = {isa = PBXBuildFile; fileRef = 2AAF4BF03E454A4CA2848716 /* UIImage+CropScaleOrientation.m */; };
		65BE95E648BF4E6BAC68381B /* CDVCamera.m in Sources */ = {isa = PBXBuildFile; fileRef = 260C0F0B645442D897D71CA7 /* CDVCamera.m */; };
		1B171EDEE60F4936A01B2344 /* CDVJpegHeaderWriter.m in Sources */ = {isa = PBXBuildFile; fileRef = 0957252E3AD648C5839EADB2 /* CDVJpegHeaderWriter.m */; };
		BCD357F5E4B6413CAAB058E2 /* ImageIO.framework in Frameworks */ = {isa = PBXBuildFile; fileRef = E06A5C0BA8A34ADA8F336373 /* ImageIO.framework */; settings = {ATTRIBUTES = (Weak, ); }; };
		803D035B01344961953A0E46 /* CDVLogger.m in Sources */ = {isa = PBXBuildFile; fileRef = 22204F68A4E34D24BC32B3EA /* CDVLogger.m */; };
		0F8DB7B6DD8D4E8C8D09CDA2 /* CDVAccelerometer.m in Sources */ = {isa = PBXBuildFile; fileRef = 13EC0C070C4C4297ACFEE713 /* CDVAccelerometer.m */; };
		A03C3F3528094F1F9AC25F8D /* CDVCompass.m in Sources */ = {isa = PBXBuildFile; fileRef = 06860BC090CF40AEA12F0D36 /* CDVCompass.m */; };
		90158223EBB545EC82A9A0A1 /* CDVNotification.m in Sources */ = {isa = PBXBuildFile; fileRef = 146D6F4D6F1B4841965EF8F5 /* CDVNotification.m */; };
		A9D4F154D82449E7ADAAA198 /* CDVNotification.bundle in Resources */ = {isa = PBXBuildFile; fileRef = E15FDDC2C869447F8240C608 /* CDVNotification.bundle */; };
		EF5D4F125DF14E88AF810B49 /* CDVLocation.m in Sources */ = {isa = PBXBuildFile; fileRef = 4B3EF0E227684E55BC9E5B82 /* CDVLocation.m */; };
		A52F6DFE7E8D4E20A7DAFE30 /* CDVGlobalization.m in Sources */ = {isa = PBXBuildFile; fileRef = 3B8DCE818CBA406ABE5B1B65 /* CDVGlobalization.m */; };
		7CA855F26FAA49A2B4A3AB63 /* CDVInAppBrowser.m in Sources */ = {isa = PBXBuildFile; fileRef = A939AFA9BF644FCEA822C675 /* CDVInAppBrowser.m */; };
		4726CA4A6F334657AC2C6951 /* CDVConnection.m in Sources */ = {isa = PBXBuildFile; fileRef = D2E6EC882373459089364B09 /* CDVConnection.m */; };
		C26F91DD7899436B92409859 /* CDVReachability.m in Sources */ = {isa = PBXBuildFile; fileRef = E40434C93FD34877BF164A72 /* CDVReachability.m */; };
		572A5C7BC6394CE1A0AB29E9 /* CDVSplashScreen.m in Sources */ = {isa = PBXBuildFile; fileRef = 7F02C07E1EF148458EED290E /* CDVSplashScreen.m */; };
		D62DA646DBA64814A1AFF3D7 /* CDVStatusBar.m in Sources */ = {isa = PBXBuildFile; fileRef = 185576384EF24257BB31AD44 /* CDVStatusBar.m */; };
		670EEAD95CAB4E0F84616C99 /* CDVVibration.m in Sources */ = {isa = PBXBuildFile; fileRef = 5F72029E0DB3415395F8E5B8 /* CDVVibration.m */; };
		FDC6CC6E7B444008B8DEB14E /* GCDAsyncSocket.m in Sources */ = {isa = PBXBuildFile; fileRef = 815C5D0B680D4D72A58B4A5A /* GCDAsyncSocket.m */; };
		2FC5951312AD467091B6D73C /* GCDAsyncUdpSocket.m in Sources */ = {isa = PBXBuildFile; fileRef = B397B99E10CC4C3392342F17 /* GCDAsyncUdpSocket.m */; };
		1FEDE247391A4BD1AF8B898B /* ChromeSystemNetwork.m in Sources */ = {isa = PBXBuildFile; fileRef = EA3992D09704413AB6D2E946 /* ChromeSystemNetwork.m */; };
		71895AE9E4AD48ACBD3249D5 /* ChromeSocket.m in Sources */ = {isa = PBXBuildFile; fileRef = 0E22D2143BEC4459807FE24D /* ChromeSocket.m */; };
		9ED9022CB40B4C688553F0F2 /* ChromeSocketsTcp.m in Sources */ = {isa = PBXBuildFile; fileRef = BC388B8D7D8B42ADB8B3DF63 /* ChromeSocketsTcp.m */; };
		029CD8837A354117BA1E27F3 /* ChromeSocketsUdp.m in Sources */ = {isa = PBXBuildFile; fileRef = 212A89F1A78E43EE8AFB624F /* ChromeSocketsUdp.m */; };
		2AE40C1B049A4C8784D6219A /* libEstimoteSDK.a in Frameworks */ = {isa = PBXBuildFile; fileRef = 2B86C51393594AC09389BB91 /* libEstimoteSDK.a */; };
		2BAD653868304D728D059293 /* EstimoteBeacons.m in Sources */ = {isa = PBXBuildFile; fileRef = FDEFC0676AE54BFB9BE52A8D /* EstimoteBeacons.m */; };
		BEAFCDDE1E6549C2A7B1D9E8 /* WTWikitudePlugin.m in Sources */ = {isa = PBXBuildFile; fileRef = CB687AC39C9146BF9B2F90F5 /* WTWikitudePlugin.m */; };
		C17072ACCD444310B1E79F31 /* WTARViewController.m in Sources */ = {isa = PBXBuildFile; fileRef = 244E2B81EC2F4F74B3F4656A /* WTARViewController.m */; };
		4B90746420B942BFAF67C56B /* libWikitudeSDK.a in Frameworks */ = {isa = PBXBuildFile; fileRef = 04B63199CF7B4B998C1DEB7B /* libWikitudeSDK.a */; };
		114D533E554C4C0EB6B164FE /* Accelerate.framework in Frameworks */ = {isa = PBXBuildFile; fileRef = 1AFC77E6C165403A910DD708 /* Accelerate.framework */; };
		AA17C2DA901F4BCCA50FFABA /* CoreMedia.framework in Frameworks */ = {isa = PBXBuildFile; fileRef = 1218778F1D084E26AE84D09B /* CoreMedia.framework */; };
		1B6CFB2E8C4A4C60946FFD12 /* CoreText.framework in Frameworks */ = {isa = PBXBuildFile; fileRef = BB1783189C7F4556A496290F /* CoreText.framework */; };
		4AA320934B334C598DB6BD08 /* Foundation.framework in Frameworks */ = {isa = PBXBuildFile; fileRef = FAF8B5D7C28A4ACA930B8EEE /* Foundation.framework */; };
		F2720666540F41F6B912F268 /* MediaPlayer.framework in Frameworks */ = {isa = PBXBuildFile; fileRef = EBA9BA52CC904172A0E037ED /* MediaPlayer.framework */; };
		85017AE6ECFA410B80A8DC4F /* libz.dylib in Frameworks */ = {isa = PBXBuildFile; fileRef = 033D68322AF9458BA4639106 /* libz.dylib */; };
/* End PBXBuildFile section */

/* Begin PBXContainerItemProxy section */
		301BF534109A57CC0062928A /* PBXContainerItemProxy */ = {
			isa = PBXContainerItemProxy;
			containerPortal = 301BF52D109A57CC0062928A /* CordovaLib.xcodeproj */;
			proxyType = 2;
			remoteGlobalIDString = D2AAC07E0554694100DB518D;
			remoteInfo = CordovaLib;
		};
		301BF550109A68C00062928A /* PBXContainerItemProxy */ = {
			isa = PBXContainerItemProxy;
			containerPortal = 301BF52D109A57CC0062928A /* CordovaLib.xcodeproj */;
			proxyType = 1;
			remoteGlobalIDString = D2AAC07D0554694100DB518D;
			remoteInfo = CordovaLib;
		};
/* End PBXContainerItemProxy section */

/* Begin PBXFileReference section */
		1D3623240D0F684500981E51 /* AppDelegate.h */ = {isa = PBXFileReference; fileEncoding = 4; lastKnownFileType = sourcecode.c.h; path = AppDelegate.h; sourceTree = "<group>"; };
		1D3623250D0F684500981E51 /* AppDelegate.m */ = {isa = PBXFileReference; fileEncoding = 4; lastKnownFileType = sourcecode.c.objc; path = AppDelegate.m; sourceTree = "<group>"; };
		1D6058910D05DD3D006BFB54 /* Proximibee.app */ = {isa = PBXFileReference; explicitFileType = wrapper.application; includeInIndex = 0; path = "Proximibee.app"; sourceTree = BUILT_PRODUCTS_DIR; };
		1F766FDD13BBADB100FB74C0 /* en */ = {isa = PBXFileReference; lastKnownFileType = text.plist.strings; name = en; path = Localizable.strings; sourceTree = "<group>"; };
		1F766FE013BBADB100FB74C0 /* es */ = {isa = PBXFileReference; lastKnownFileType = text.plist.strings; name = es; path = Localizable.strings; sourceTree = "<group>"; };
		288765FC0DF74451002DB57D /* CoreGraphics.framework */ = {isa = PBXFileReference; lastKnownFileType = wrapper.framework; name = CoreGraphics.framework; path = System/Library/Frameworks/CoreGraphics.framework; sourceTree = SDKROOT; };
		29B97316FDCFA39411CA2CEA /* main.m */ = {isa = PBXFileReference; fileEncoding = 4; lastKnownFileType = sourcecode.c.objc; path = main.m; sourceTree = "<group>"; };
		301BF52D109A57CC0062928A /* CordovaLib.xcodeproj */ = {isa = PBXFileReference; lastKnownFileType = "wrapper.pb-project"; name = CordovaLib.xcodeproj; path = CordovaLib/CordovaLib.xcodeproj; sourceTree = "<group>"; };
		301BF56E109A69640062928A /* www */ = {isa = PBXFileReference; lastKnownFileType = folder; path = www; sourceTree = SOURCE_ROOT; };
		302D95EE14D2391D003F00A1 /* MainViewController.h */ = {isa = PBXFileReference; fileEncoding = 4; lastKnownFileType = sourcecode.c.h; path = MainViewController.h; sourceTree = "<group>"; };
		302D95EF14D2391D003F00A1 /* MainViewController.m */ = {isa = PBXFileReference; fileEncoding = 4; lastKnownFileType = sourcecode.c.objc; path = MainViewController.m; sourceTree = "<group>"; };
		302D95F014D2391D003F00A1 /* MainViewController.xib */ = {isa = PBXFileReference; fileEncoding = 4; lastKnownFileType = file.xib; path = MainViewController.xib; sourceTree = "<group>"; };
		305D5FD0115AB8F900A74A75 /* MobileCoreServices.framework */ = {isa = PBXFileReference; lastKnownFileType = wrapper.framework; name = MobileCoreServices.framework; path = System/Library/Frameworks/MobileCoreServices.framework; sourceTree = SDKROOT; };
		3088BBB7154F3926009F9C59 /* Default-Landscape@2x~ipad.png */ = {isa = PBXFileReference; lastKnownFileType = image.png; path = "Default-Landscape@2x~ipad.png"; sourceTree = "<group>"; };
		3088BBB8154F3926009F9C59 /* Default-Landscape~ipad.png */ = {isa = PBXFileReference; lastKnownFileType = image.png; path = "Default-Landscape~ipad.png"; sourceTree = "<group>"; };
		3088BBB9154F3926009F9C59 /* Default-Portrait@2x~ipad.png */ = {isa = PBXFileReference; lastKnownFileType = image.png; path = "Default-Portrait@2x~ipad.png"; sourceTree = "<group>"; };
		3088BBBA154F3926009F9C59 /* Default-Portrait~ipad.png */ = {isa = PBXFileReference; lastKnownFileType = image.png; path = "Default-Portrait~ipad.png"; sourceTree = "<group>"; };
		3088BBBB154F3926009F9C59 /* Default@2x~iphone.png */ = {isa = PBXFileReference; lastKnownFileType = image.png; path = "Default@2x~iphone.png"; sourceTree = "<group>"; };
		3088BBBC154F3926009F9C59 /* Default~iphone.png */ = {isa = PBXFileReference; lastKnownFileType = image.png; path = "Default~iphone.png"; sourceTree = "<group>"; };
		308D052E1370CCF300D202BF /* icon-72.png */ = {isa = PBXFileReference; lastKnownFileType = image.png; path = "icon-72.png"; sourceTree = "<group>"; };
		308D052F1370CCF300D202BF /* icon.png */ = {isa = PBXFileReference; lastKnownFileType = image.png; path = icon.png; sourceTree = "<group>"; };
		308D05301370CCF300D202BF /* icon@2x.png */ = {isa = PBXFileReference; lastKnownFileType = image.png; path = "icon@2x.png"; sourceTree = "<group>"; };
		30B4F2FD19D5E07200D9F7D8 /* Default-667h.png */ = {isa = PBXFileReference; lastKnownFileType = image.png; path = "Default-667h.png"; sourceTree = "<group>"; };
		30B4F2FE19D5E07200D9F7D8 /* Default-736h.png */ = {isa = PBXFileReference; lastKnownFileType = image.png; path = "Default-736h.png"; sourceTree = "<group>"; };
		30B4F2FF19D5E07200D9F7D8 /* Default-Landscape-736h.png */ = {isa = PBXFileReference; lastKnownFileType = image.png; path = "Default-Landscape-736h.png"; sourceTree = "<group>"; };
		30C1856519D5FC0A00212699 /* icon-60@3x.png */ = {isa = PBXFileReference; lastKnownFileType = image.png; path = "icon-60@3x.png"; sourceTree = "<group>"; };
		30FC414816E50CA1004E6F35 /* icon-72@2x.png */ = {isa = PBXFileReference; lastKnownFileType = image.png; path = "icon-72@2x.png"; sourceTree = "<group>"; };
		32CA4F630368D1EE00C91783 /* Proximibee-Prefix.pch */ = {isa = PBXFileReference; fileEncoding = 4; lastKnownFileType = sourcecode.c.h; path = "Proximibee-Prefix.pch"; sourceTree = "<group>"; };
		5B1594DC16A7569C00FEF299 /* AssetsLibrary.framework */ = {isa = PBXFileReference; lastKnownFileType = wrapper.framework; name = AssetsLibrary.framework; path = System/Library/Frameworks/AssetsLibrary.framework; sourceTree = SDKROOT; };
		7E7966D41810823500FA85AD /* icon-40.png */ = {isa = PBXFileReference; lastKnownFileType = image.png; path = "icon-40.png"; sourceTree = "<group>"; };
		7E7966D51810823500FA85AD /* icon-40@2x.png */ = {isa = PBXFileReference; lastKnownFileType = image.png; path = "icon-40@2x.png"; sourceTree = "<group>"; };
		7E7966D61810823500FA85AD /* icon-50.png */ = {isa = PBXFileReference; lastKnownFileType = image.png; path = "icon-50.png"; sourceTree = "<group>"; };
		7E7966D71810823500FA85AD /* icon-50@2x.png */ = {isa = PBXFileReference; lastKnownFileType = image.png; path = "icon-50@2x.png"; sourceTree = "<group>"; };
		7E7966D81810823500FA85AD /* icon-60.png */ = {isa = PBXFileReference; lastKnownFileType = image.png; path = "icon-60.png"; sourceTree = "<group>"; };
		7E7966D91810823500FA85AD /* icon-60@2x.png */ = {isa = PBXFileReference; lastKnownFileType = image.png; path = "icon-60@2x.png"; sourceTree = "<group>"; };
		7E7966DA1810823500FA85AD /* icon-76.png */ = {isa = PBXFileReference; lastKnownFileType = image.png; path = "icon-76.png"; sourceTree = "<group>"; };
		7E7966DB1810823500FA85AD /* icon-76@2x.png */ = {isa = PBXFileReference; lastKnownFileType = image.png; path = "icon-76@2x.png"; sourceTree = "<group>"; };
		7E7966DC1810823500FA85AD /* icon-small.png */ = {isa = PBXFileReference; lastKnownFileType = image.png; path = "icon-small.png"; sourceTree = "<group>"; };
		7E7966DD1810823500FA85AD /* icon-small@2x.png */ = {isa = PBXFileReference; lastKnownFileType = image.png; path = "icon-small@2x.png"; sourceTree = "<group>"; };
		8D1107310486CEB800E47090 /* Proximibee-Info.plist */ = {isa = PBXFileReference; fileEncoding = 4; lastKnownFileType = text.plist.xml; name = "Proximibee-Info.plist"; path = "../Proximibee-Info.plist"; plistStructureDefinitionIdentifier = "com.apple.xcode.plist.structure-definition.iphone.info-plist"; sourceTree = "<group>"; };
		D4A0D8751607E02300AEF8BB /* Default-568h@2x~iphone.png */ = {isa = PBXFileReference; lastKnownFileType = image.png; path = "Default-568h@2x~iphone.png"; sourceTree = "<group>"; };
		EB87FDF21871DA7A0020F90C /* merges */ = {isa = PBXFileReference; lastKnownFileType = folder; name = merges; path = ../../merges; sourceTree = "<group>"; };
		EB87FDF31871DA8E0020F90C /* www */ = {isa = PBXFileReference; lastKnownFileType = folder; name = www; path = ../../www; sourceTree = "<group>"; };
		EB87FDF41871DAF40020F90C /* config.xml */ = {isa = PBXFileReference; lastKnownFileType = text.xml; name = config.xml; path = ../../config.xml; sourceTree = "<group>"; };
		F840E1F0165FE0F500CFE078 /* config.xml */ = {isa = PBXFileReference; lastKnownFileType = text.xml; name = config.xml; path = "Proximibee/config.xml"; sourceTree = "<group>"; };
		2C76DF5CCA4D48E08FF5F3B1 /* EVOBLE.m */ = {isa = PBXFileReference; lastKnownFileType = sourcecode.c.objc; name = "EVOBLE.m"; path = "com.evothings.ble/EVOBLE.m"; sourceTree = "<group>"; fileEncoding = 4; };
		F9F329C522E34B4DBDBEB1A5 /* EVOBLE.h */ = {isa = PBXFileReference; lastKnownFileType = sourcecode.c.h; name = "EVOBLE.h"; path = "com.evothings.ble/EVOBLE.h"; sourceTree = "<group>"; fileEncoding = 4; };
		167200B49EBF43269EADDAEE /* CoreBluetooth.framework */ = {isa = PBXFileReference; lastKnownFileType = wrapper.framework; name = "CoreBluetooth.framework"; path = "System/Library/Frameworks/CoreBluetooth.framework"; sourceTree = SDKROOT; fileEncoding = 4; };
		4C9F4166514F4FF8B8847099 /* MEGBluetoothSerial.m */ = {isa = PBXFileReference; lastKnownFileType = sourcecode.c.objc; name = "MEGBluetoothSerial.m"; path = "com.megster.cordova.bluetoothserial/BluetoothSerial/MEGBluetoothSerial.m"; sourceTree = "<group>"; fileEncoding = 4; };
		4DAE9FC05BE3400BB86D7433 /* CBPeripheral+Extensions.m */ = {isa = PBXFileReference; lastKnownFileType = sourcecode.c.objc; name = "CBPeripheral+Extensions.m"; path = "com.megster.cordova.bluetoothserial/BluetoothSerial/CBPeripheral+Extensions.m"; sourceTree = "<group>"; fileEncoding = 4; };
		2EB1399D1B8544FEAEED35E4 /* BLE.m */ = {isa = PBXFileReference; lastKnownFileType = sourcecode.c.objc; name = "BLE.m"; path = "com.megster.cordova.bluetoothserial/BluetoothSerial/BLE.m"; sourceTree = "<group>"; fileEncoding = 4; };
		02D2594B0F714FC3BEBB8B37 /* MEGBluetoothSerial.h */ = {isa = PBXFileReference; lastKnownFileType = sourcecode.c.h; name = "MEGBluetoothSerial.h"; path = "com.megster.cordova.bluetoothserial/BluetoothSerial/MEGBluetoothSerial.h"; sourceTree = "<group>"; fileEncoding = 4; };
		DCB706CE63B74938837737CB /* CBPeripheral+Extensions.h */ = {isa = PBXFileReference; lastKnownFileType = sourcecode.c.h; name = "CBPeripheral+Extensions.h"; path = "com.megster.cordova.bluetoothserial/BluetoothSerial/CBPeripheral+Extensions.h"; sourceTree = "<group>"; fileEncoding = 4; };
		879A20197FCF40AF82CB34BC /* BLE.h */ = {isa = PBXFileReference; lastKnownFileType = sourcecode.c.h; name = "BLE.h"; path = "com.megster.cordova.bluetoothserial/BluetoothSerial/BLE.h"; sourceTree = "<group>"; fileEncoding = 4; };
		1CE4BC4B34944BFCBE7CE264 /* BLEDefines.h */ = {isa = PBXFileReference; lastKnownFileType = sourcecode.c.h; name = "BLEDefines.h"; path = "com.megster.cordova.bluetoothserial/BluetoothSerial/BLEDefines.h"; sourceTree = "<group>"; fileEncoding = 4; };
		5BB155EA33B04AD7A4FD6FC1 /* PayPalMobileCordovaPlugin.m */ = {isa = PBXFileReference; lastKnownFileType = sourcecode.c.objc; name = "PayPalMobileCordovaPlugin.m"; path = "com.paypal.cordova.mobilesdk/PayPalMobileCordovaPlugin.m"; sourceTree = "<group>"; fileEncoding = 4; };
		F62C0F9C252D49E0B2013737 /* libPayPalMobile.a */ = {isa = PBXFileReference; lastKnownFileType = archive.ar; name = "libPayPalMobile.a"; path = "Proximibee/Plugins/com.paypal.cordova.mobilesdk/libPayPalMobile.a"; sourceTree = "<group>"; fileEncoding = 4; };
		E12089AB69C04C82996F5822 /* PayPalMobileCordovaPlugin.h */ = {isa = PBXFileReference; lastKnownFileType = sourcecode.c.h; name = "PayPalMobileCordovaPlugin.h"; path = "com.paypal.cordova.mobilesdk/PayPalMobileCordovaPlugin.h"; sourceTree = "<group>"; fileEncoding = 4; };
		505EB97A3DD14CEFA07CAA77 /* PayPalConfiguration.h */ = {isa = PBXFileReference; lastKnownFileType = sourcecode.c.h; name = "PayPalConfiguration.h"; path = "com.paypal.cordova.mobilesdk/PayPalConfiguration.h"; sourceTree = "<group>"; fileEncoding = 4; };
		14DB7BDA44D44130B9FEE7FC /* PayPalFuturePaymentViewController.h */ = {isa = PBXFileReference; lastKnownFileType = sourcecode.c.h; name = "PayPalFuturePaymentViewController.h"; path = "com.paypal.cordova.mobilesdk/PayPalFuturePaymentViewController.h"; sourceTree = "<group>"; fileEncoding = 4; };
		CC734010914946A1B2DE6CFA /* PayPalMobile.h */ = {isa = PBXFileReference; lastKnownFileType = sourcecode.c.h; name = "PayPalMobile.h"; path = "com.paypal.cordova.mobilesdk/PayPalMobile.h"; sourceTree = "<group>"; fileEncoding = 4; };
		BF558F36DDF24DF2B3F829FA /* PayPalOAuthScopes.h */ = {isa = PBXFileReference; lastKnownFileType = sourcecode.c.h; name = "PayPalOAuthScopes.h"; path = "com.paypal.cordova.mobilesdk/PayPalOAuthScopes.h"; sourceTree = "<group>"; fileEncoding = 4; };
		96FBB9ADA2694719BF6B6D53 /* PayPalPayment.h */ = {isa = PBXFileReference; lastKnownFileType = sourcecode.c.h; name = "PayPalPayment.h"; path = "com.paypal.cordova.mobilesdk/PayPalPayment.h"; sourceTree = "<group>"; fileEncoding = 4; };
		B4DC38DEA13A478CB948C30E /* PayPalPaymentViewController.h */ = {isa = PBXFileReference; lastKnownFileType = sourcecode.c.h; name = "PayPalPaymentViewController.h"; path = "com.paypal.cordova.mobilesdk/PayPalPaymentViewController.h"; sourceTree = "<group>"; fileEncoding = 4; };
		CC9DA7AD0C06490E833F90D5 /* PayPalProfileSharingViewController.h */ = {isa = PBXFileReference; lastKnownFileType = sourcecode.c.h; name = "PayPalProfileSharingViewController.h"; path = "com.paypal.cordova.mobilesdk/PayPalProfileSharingViewController.h"; sourceTree = "<group>"; fileEncoding = 4; };
		BD5AF31D0E6243EA9814A66E /* AudioToolbox.framework */ = {isa = PBXFileReference; lastKnownFileType = wrapper.framework; name = "AudioToolbox.framework"; path = "System/Library/Frameworks/AudioToolbox.framework"; sourceTree = SDKROOT; fileEncoding = 4; };
		854DFA7AE8A34F4C8BA18F21 /* AVFoundation.framework */ = {isa = PBXFileReference; lastKnownFileType = wrapper.framework; name = "AVFoundation.framework"; path = "System/Library/Frameworks/AVFoundation.framework"; sourceTree = SDKROOT; fileEncoding = 4; };
		F74906FDF2424B59B51CC3E6 /* CFNetwork.framework */ = {isa = PBXFileReference; lastKnownFileType = wrapper.framework; name = "CFNetwork.framework"; path = "System/Library/Frameworks/CFNetwork.framework"; sourceTree = SDKROOT; fileEncoding = 4; };
		58332CAA76674E2A87EE728C /* CoreLocation.framework */ = {isa = PBXFileReference; lastKnownFileType = wrapper.framework; name = "CoreLocation.framework"; path = "System/Library/Frameworks/CoreLocation.framework"; sourceTree = SDKROOT; fileEncoding = 4; };
		338C36C8372D48C3A1C573BE /* CoreVideo.framework */ = {isa = PBXFileReference; lastKnownFileType = wrapper.framework; name = "CoreVideo.framework"; path = "System/Library/Frameworks/CoreVideo.framework"; sourceTree = SDKROOT; fileEncoding = 4; };
		E8501F6BDB554EE0B0E2016B /* MessageUI.framework */ = {isa = PBXFileReference; lastKnownFileType = wrapper.framework; name = "MessageUI.framework"; path = "System/Library/Frameworks/MessageUI.framework"; sourceTree = SDKROOT; fileEncoding = 4; };
		63DD95DBC12F4FD09140C5EF /* OpenGLES.framework */ = {isa = PBXFileReference; lastKnownFileType = wrapper.framework; name = "OpenGLES.framework"; path = "System/Library/Frameworks/OpenGLES.framework"; sourceTree = SDKROOT; fileEncoding = 4; };
		FE3CDD3FD795451486216EA4 /* Security.framework */ = {isa = PBXFileReference; lastKnownFileType = wrapper.framework; name = "Security.framework"; path = "System/Library/Frameworks/Security.framework"; sourceTree = SDKROOT; fileEncoding = 4; };
		9E11B7866A894F1B8CE01C6D /* SystemConfiguration.framework */ = {isa = PBXFileReference; lastKnownFileType = wrapper.framework; name = "SystemConfiguration.framework"; path = "System/Library/Frameworks/SystemConfiguration.framework"; sourceTree = SDKROOT; fileEncoding = 4; };
		55801EC99D6F47F7902DC742 /* QuartzCore.framework */ = {isa = PBXFileReference; lastKnownFileType = wrapper.framework; name = "QuartzCore.framework"; path = "System/Library/Frameworks/QuartzCore.framework"; sourceTree = SDKROOT; fileEncoding = 4; };
		3248B16FEB4E4DABB47FCEC9 /* UIKit.framework */ = {isa = PBXFileReference; lastKnownFileType = wrapper.framework; name = "UIKit.framework"; path = "System/Library/Frameworks/UIKit.framework"; sourceTree = SDKROOT; fileEncoding = 4; };
		EF2C8331484C4A14BCA0CA3C /* libc++.dylib */ = {isa = PBXFileReference; lastKnownFileType = "compiled.mach-o.dylib"; name = "libc++.dylib"; path = "usr/lib/libc++.dylib"; sourceTree = SDKROOT; fileEncoding = 4; };
		E1286D4191DF4F7EA9A7F9DB /* libPayPalMobile.a */ = {isa = PBXFileReference; lastKnownFileType = archive.ar; name = "libPayPalMobile.a"; path = "libPayPalMobile.a"; sourceTree = "<group>"; fileEncoding = 4; };
		74F1824B1EB44F9DAE048906 /* CDVLocationManager.m */ = {isa = PBXFileReference; lastKnownFileType = sourcecode.c.objc; name = "CDVLocationManager.m"; path = "com.unarin.cordova.beacon/CDVLocationManager.m"; sourceTree = "<group>"; fileEncoding = 4; };
		ADFB7296F25C487C9CBA127E /* AppDelegate+CDVLocationManager.m */ = {isa = PBXFileReference; lastKnownFileType = sourcecode.c.objc; name = "AppDelegate+CDVLocationManager.m"; path = "com.unarin.cordova.beacon/AppDelegate+CDVLocationManager.m"; sourceTree = "<group>"; fileEncoding = 4; };
		EFD14A338F084935A2ADEE2A /* LMLogger.m */ = {isa = PBXFileReference; lastKnownFileType = sourcecode.c.objc; name = "LMLogger.m"; path = "com.unarin.cordova.beacon/LMLogger.m"; sourceTree = "<group>"; fileEncoding = 4; };
		6AA2DF5EE5CB418ABDB8E025 /* CDVLocationManager.h */ = {isa = PBXFileReference; lastKnownFileType = sourcecode.c.h; name = "CDVLocationManager.h"; path = "com.unarin.cordova.beacon/CDVLocationManager.h"; sourceTree = "<group>"; fileEncoding = 4; };
		6F6FB5A019074F7E80B1F900 /* AppDelegate+CDVLocationManager.h */ = {isa = PBXFileReference; lastKnownFileType = sourcecode.c.h; name = "AppDelegate+CDVLocationManager.h"; path = "com.unarin.cordova.beacon/AppDelegate+CDVLocationManager.h"; sourceTree = "<group>"; fileEncoding = 4; };
		097B76432BC246AD814AC593 /* LMLogger.h */ = {isa = PBXFileReference; lastKnownFileType = sourcecode.c.h; name = "LMLogger.h"; path = "com.unarin.cordova.beacon/LMLogger.h"; sourceTree = "<group>"; fileEncoding = 4; };
		F8D2F9EA54514263A9F79EC6 /* CoreMotion.framework */ = {isa = PBXFileReference; lastKnownFileType = wrapper.framework; name = "CoreMotion.framework"; path = "System/Library/Frameworks/CoreMotion.framework"; sourceTree = SDKROOT; fileEncoding = 4; };
		1260FCC322624E478688EFDC /* CDVDevice.m */ = {isa = PBXFileReference; lastKnownFileType = sourcecode.c.objc; name = "CDVDevice.m"; path = "org.apache.cordova.device/CDVDevice.m"; sourceTree = "<group>"; fileEncoding = 4; };
		7C12B0CED1184A379A5B8C30 /* CDVDevice.h */ = {isa = PBXFileReference; lastKnownFileType = sourcecode.c.h; name = "CDVDevice.h"; path = "org.apache.cordova.device/CDVDevice.h"; sourceTree = "<group>"; fileEncoding = 4; };
		ED8F41329C7E430CB6049F6A /* AppDelegate+APPLocalNotification.m */ = {isa = PBXFileReference; lastKnownFileType = sourcecode.c.objc; name = "AppDelegate+APPLocalNotification.m"; path = "de.appplant.cordova.plugin.local-notification/AppDelegate+APPLocalNotification.m"; sourceTree = "<group>"; fileEncoding = 4; };
		E01FCA80A6A04CE483CD6266 /* APPLocalNotification.m */ = {isa = PBXFileReference; lastKnownFileType = sourcecode.c.objc; name = "APPLocalNotification.m"; path = "de.appplant.cordova.plugin.local-notification/APPLocalNotification.m"; sourceTree = "<group>"; fileEncoding = 4; };
		D8961BA2A8A84C16A831213F /* APPLocalNotificationOptions.m */ = {isa = PBXFileReference; lastKnownFileType = sourcecode.c.objc; name = "APPLocalNotificationOptions.m"; path = "de.appplant.cordova.plugin.local-notification/APPLocalNotificationOptions.m"; sourceTree = "<group>"; fileEncoding = 4; };
		C681EC674BBD47D3B80216DC /* UIApplication+APPLocalNotification.m */ = {isa = PBXFileReference; lastKnownFileType = sourcecode.c.objc; name = "UIApplication+APPLocalNotification.m"; path = "de.appplant.cordova.plugin.local-notification/UIApplication+APPLocalNotification.m"; sourceTree = "<group>"; fileEncoding = 4; };
		A445EBD9FD8C4DB18C2FED39 /* UILocalNotification+APPLocalNotification.m */ = {isa = PBXFileReference; lastKnownFileType = sourcecode.c.objc; name = "UILocalNotification+APPLocalNotification.m"; path = "de.appplant.cordova.plugin.local-notification/UILocalNotification+APPLocalNotification.m"; sourceTree = "<group>"; fileEncoding = 4; };
		9789A5BD46594768A69DEFF7 /* AppDelegate+APPLocalNotification.h */ = {isa = PBXFileReference; lastKnownFileType = sourcecode.c.h; name = "AppDelegate+APPLocalNotification.h"; path = "de.appplant.cordova.plugin.local-notification/AppDelegate+APPLocalNotification.h"; sourceTree = "<group>"; fileEncoding = 4; };
		BFA20ADD974543378BEA354D /* APPLocalNotification.h */ = {isa = PBXFileReference; lastKnownFileType = sourcecode.c.h; name = "APPLocalNotification.h"; path = "de.appplant.cordova.plugin.local-notification/APPLocalNotification.h"; sourceTree = "<group>"; fileEncoding = 4; };
		AD85159E90264D6D82BF8AD1 /* APPLocalNotificationOptions.h */ = {isa = PBXFileReference; lastKnownFileType = sourcecode.c.h; name = "APPLocalNotificationOptions.h"; path = "de.appplant.cordova.plugin.local-notification/APPLocalNotificationOptions.h"; sourceTree = "<group>"; fileEncoding = 4; };
		8E8A7C918815422B92C7EAB5 /* UIApplication+APPLocalNotification.h */ = {isa = PBXFileReference; lastKnownFileType = sourcecode.c.h; name = "UIApplication+APPLocalNotification.h"; path = "de.appplant.cordova.plugin.local-notification/UIApplication+APPLocalNotification.h"; sourceTree = "<group>"; fileEncoding = 4; };
		8AFBD9BE832F435CA73075AB /* UILocalNotification+APPLocalNotification.h */ = {isa = PBXFileReference; lastKnownFileType = sourcecode.c.h; name = "UILocalNotification+APPLocalNotification.h"; path = "de.appplant.cordova.plugin.local-notification/UILocalNotification+APPLocalNotification.h"; sourceTree = "<group>"; fileEncoding = 4; };
		2AAF4BF03E454A4CA2848716 /* UIImage+CropScaleOrientation.m */ = {isa = PBXFileReference; lastKnownFileType = sourcecode.c.objc; name = "UIImage+CropScaleOrientation.m"; path = "org.apache.cordova.camera/UIImage+CropScaleOrientation.m"; sourceTree = "<group>"; fileEncoding = 4; };
		260C0F0B645442D897D71CA7 /* CDVCamera.m */ = {isa = PBXFileReference; lastKnownFileType = sourcecode.c.objc; name = "CDVCamera.m"; path = "org.apache.cordova.camera/CDVCamera.m"; sourceTree = "<group>"; fileEncoding = 4; };
		0957252E3AD648C5839EADB2 /* CDVJpegHeaderWriter.m */ = {isa = PBXFileReference; lastKnownFileType = sourcecode.c.objc; name = "CDVJpegHeaderWriter.m"; path = "org.apache.cordova.camera/CDVJpegHeaderWriter.m"; sourceTree = "<group>"; fileEncoding = 4; };
		2722BEA4CA604EBD9A2DF25D /* UIImage+CropScaleOrientation.h */ = {isa = PBXFileReference; lastKnownFileType = sourcecode.c.h; name = "UIImage+CropScaleOrientation.h"; path = "org.apache.cordova.camera/UIImage+CropScaleOrientation.h"; sourceTree = "<group>"; fileEncoding = 4; };
		624520F0AF594626A4A6DF09 /* CDVCamera.h */ = {isa = PBXFileReference; lastKnownFileType = sourcecode.c.h; name = "CDVCamera.h"; path = "org.apache.cordova.camera/CDVCamera.h"; sourceTree = "<group>"; fileEncoding = 4; };
		00F96D36F13447C3B8AD278F /* CDVJpegHeaderWriter.h */ = {isa = PBXFileReference; lastKnownFileType = sourcecode.c.h; name = "CDVJpegHeaderWriter.h"; path = "org.apache.cordova.camera/CDVJpegHeaderWriter.h"; sourceTree = "<group>"; fileEncoding = 4; };
		AD25AA74376543C0AA73BCB9 /* CDVExif.h */ = {isa = PBXFileReference; lastKnownFileType = sourcecode.c.h; name = "CDVExif.h"; path = "org.apache.cordova.camera/CDVExif.h"; sourceTree = "<group>"; fileEncoding = 4; };
		E06A5C0BA8A34ADA8F336373 /* ImageIO.framework */ = {isa = PBXFileReference; lastKnownFileType = wrapper.framework; name = "ImageIO.framework"; path = "System/Library/Frameworks/ImageIO.framework"; sourceTree = SDKROOT; fileEncoding = 4; };
		22204F68A4E34D24BC32B3EA /* CDVLogger.m */ = {isa = PBXFileReference; lastKnownFileType = sourcecode.c.objc; name = "CDVLogger.m"; path = "org.apache.cordova.console/CDVLogger.m"; sourceTree = "<group>"; fileEncoding = 4; };
		58C5C4D6CDA840E6A1268C66 /* CDVLogger.h */ = {isa = PBXFileReference; lastKnownFileType = sourcecode.c.h; name = "CDVLogger.h"; path = "org.apache.cordova.console/CDVLogger.h"; sourceTree = "<group>"; fileEncoding = 4; };
		13EC0C070C4C4297ACFEE713 /* CDVAccelerometer.m */ = {isa = PBXFileReference; lastKnownFileType = sourcecode.c.objc; name = "CDVAccelerometer.m"; path = "org.apache.cordova.device-motion/CDVAccelerometer.m"; sourceTree = "<group>"; fileEncoding = 4; };
		D0F70DF8A55044EAAFA4CD86 /* CDVAccelerometer.h */ = {isa = PBXFileReference; lastKnownFileType = sourcecode.c.h; name = "CDVAccelerometer.h"; path = "org.apache.cordova.device-motion/CDVAccelerometer.h"; sourceTree = "<group>"; fileEncoding = 4; };
		06860BC090CF40AEA12F0D36 /* CDVCompass.m */ = {isa = PBXFileReference; lastKnownFileType = sourcecode.c.objc; name = "CDVCompass.m"; path = "org.apache.cordova.device-orientation/CDVCompass.m"; sourceTree = "<group>"; fileEncoding = 4; };
		01AA838E66B74B28BBB39FD7 /* CDVCompass.h */ = {isa = PBXFileReference; lastKnownFileType = sourcecode.c.h; name = "CDVCompass.h"; path = "org.apache.cordova.device-orientation/CDVCompass.h"; sourceTree = "<group>"; fileEncoding = 4; };
		146D6F4D6F1B4841965EF8F5 /* CDVNotification.m */ = {isa = PBXFileReference; lastKnownFileType = sourcecode.c.objc; name = "CDVNotification.m"; path = "org.apache.cordova.dialogs/CDVNotification.m"; sourceTree = "<group>"; fileEncoding = 4; };
		DB11300A4F464F408613C723 /* CDVNotification.h */ = {isa = PBXFileReference; lastKnownFileType = sourcecode.c.h; name = "CDVNotification.h"; path = "org.apache.cordova.dialogs/CDVNotification.h"; sourceTree = "<group>"; fileEncoding = 4; };
		E15FDDC2C869447F8240C608 /* CDVNotification.bundle */ = {isa = PBXFileReference; lastKnownFileType = "wrapper.plug-in"; name = "CDVNotification.bundle"; path = "CDVNotification.bundle"; sourceTree = "<group>"; };
		4B3EF0E227684E55BC9E5B82 /* CDVLocation.m */ = {isa = PBXFileReference; lastKnownFileType = sourcecode.c.objc; name = "CDVLocation.m"; path = "org.apache.cordova.geolocation/CDVLocation.m"; sourceTree = "<group>"; fileEncoding = 4; };
		6105579389D246C4BFD6E2E5 /* CDVLocation.h */ = {isa = PBXFileReference; lastKnownFileType = sourcecode.c.h; name = "CDVLocation.h"; path = "org.apache.cordova.geolocation/CDVLocation.h"; sourceTree = "<group>"; fileEncoding = 4; };
		3B8DCE818CBA406ABE5B1B65 /* CDVGlobalization.m */ = {isa = PBXFileReference; lastKnownFileType = sourcecode.c.objc; name = "CDVGlobalization.m"; path = "org.apache.cordova.globalization/CDVGlobalization.m"; sourceTree = "<group>"; fileEncoding = 4; };
		E0FF81A1E7C94EC69D7553BB /* CDVGlobalization.h */ = {isa = PBXFileReference; lastKnownFileType = sourcecode.c.h; name = "CDVGlobalization.h"; path = "org.apache.cordova.globalization/CDVGlobalization.h"; sourceTree = "<group>"; fileEncoding = 4; };
		A939AFA9BF644FCEA822C675 /* CDVInAppBrowser.m */ = {isa = PBXFileReference; lastKnownFileType = sourcecode.c.objc; name = "CDVInAppBrowser.m"; path = "org.apache.cordova.inappbrowser/CDVInAppBrowser.m"; sourceTree = "<group>"; fileEncoding = 4; };
		8E959A93CBC14281A36D51B4 /* CDVInAppBrowser.h */ = {isa = PBXFileReference; lastKnownFileType = sourcecode.c.h; name = "CDVInAppBrowser.h"; path = "org.apache.cordova.inappbrowser/CDVInAppBrowser.h"; sourceTree = "<group>"; fileEncoding = 4; };
		D2E6EC882373459089364B09 /* CDVConnection.m */ = {isa = PBXFileReference; lastKnownFileType = sourcecode.c.objc; name = "CDVConnection.m"; path = "org.apache.cordova.network-information/CDVConnection.m"; sourceTree = "<group>"; fileEncoding = 4; };
		E40434C93FD34877BF164A72 /* CDVReachability.m */ = {isa = PBXFileReference; lastKnownFileType = sourcecode.c.objc; name = "CDVReachability.m"; path = "org.apache.cordova.network-information/CDVReachability.m"; sourceTree = "<group>"; fileEncoding = 4; };
		B0F6614C517C437D9C33FC4B /* CDVConnection.h */ = {isa = PBXFileReference; lastKnownFileType = sourcecode.c.h; name = "CDVConnection.h"; path = "org.apache.cordova.network-information/CDVConnection.h"; sourceTree = "<group>"; fileEncoding = 4; };
		E8399EA7DBE74CC9A42BBA26 /* CDVReachability.h */ = {isa = PBXFileReference; lastKnownFileType = sourcecode.c.h; name = "CDVReachability.h"; path = "org.apache.cordova.network-information/CDVReachability.h"; sourceTree = "<group>"; fileEncoding = 4; };
		7F02C07E1EF148458EED290E /* CDVSplashScreen.m */ = {isa = PBXFileReference; lastKnownFileType = sourcecode.c.objc; name = "CDVSplashScreen.m"; path = "org.apache.cordova.splashscreen/CDVSplashScreen.m"; sourceTree = "<group>"; fileEncoding = 4; };
		5A32BF009E23479D9D5B9D81 /* CDVSplashScreen.h */ = {isa = PBXFileReference; lastKnownFileType = sourcecode.c.h; name = "CDVSplashScreen.h"; path = "org.apache.cordova.splashscreen/CDVSplashScreen.h"; sourceTree = "<group>"; fileEncoding = 4; };
		185576384EF24257BB31AD44 /* CDVStatusBar.m */ = {isa = PBXFileReference; lastKnownFileType = sourcecode.c.objc; name = "CDVStatusBar.m"; path = "org.apache.cordova.statusbar/CDVStatusBar.m"; sourceTree = "<group>"; fileEncoding = 4; };
		945BCEA8DD2D409396F7F8DF /* CDVStatusBar.h */ = {isa = PBXFileReference; lastKnownFileType = sourcecode.c.h; name = "CDVStatusBar.h"; path = "org.apache.cordova.statusbar/CDVStatusBar.h"; sourceTree = "<group>"; fileEncoding = 4; };
		5F72029E0DB3415395F8E5B8 /* CDVVibration.m */ = {isa = PBXFileReference; lastKnownFileType = sourcecode.c.objc; name = "CDVVibration.m"; path = "org.apache.cordova.vibration/CDVVibration.m"; sourceTree = "<group>"; fileEncoding = 4; };
		4BBDBFC7D7D8480FA4F1449A /* CDVVibration.h */ = {isa = PBXFileReference; lastKnownFileType = sourcecode.c.h; name = "CDVVibration.h"; path = "org.apache.cordova.vibration/CDVVibration.h"; sourceTree = "<group>"; fileEncoding = 4; };
		815C5D0B680D4D72A58B4A5A /* GCDAsyncSocket.m */ = {isa = PBXFileReference; lastKnownFileType = sourcecode.c.objc; name = "GCDAsyncSocket.m"; path = "org.chromium.iossocketscommon/GCDAsyncSocket.m"; sourceTree = "<group>"; fileEncoding = 4; };
		B397B99E10CC4C3392342F17 /* GCDAsyncUdpSocket.m */ = {isa = PBXFileReference; lastKnownFileType = sourcecode.c.objc; name = "GCDAsyncUdpSocket.m"; path = "org.chromium.iossocketscommon/GCDAsyncUdpSocket.m"; sourceTree = "<group>"; fileEncoding = 4; };
		37E6DE0472C547D1AAAB23FC /* GCDAsyncSocket.h */ = {isa = PBXFileReference; lastKnownFileType = sourcecode.c.h; name = "GCDAsyncSocket.h"; path = "org.chromium.iossocketscommon/GCDAsyncSocket.h"; sourceTree = "<group>"; fileEncoding = 4; };
		168273B5ED3A414D92369CB3 /* GCDAsyncUdpSocket.h */ = {isa = PBXFileReference; lastKnownFileType = sourcecode.c.h; name = "GCDAsyncUdpSocket.h"; path = "org.chromium.iossocketscommon/GCDAsyncUdpSocket.h"; sourceTree = "<group>"; fileEncoding = 4; };
		EA3992D09704413AB6D2E946 /* ChromeSystemNetwork.m */ = {isa = PBXFileReference; lastKnownFileType = sourcecode.c.objc; name = "ChromeSystemNetwork.m"; path = "org.chromium.system.network/ChromeSystemNetwork.m"; sourceTree = "<group>"; fileEncoding = 4; };
		0E22D2143BEC4459807FE24D /* ChromeSocket.m */ = {isa = PBXFileReference; lastKnownFileType = sourcecode.c.objc; name = "ChromeSocket.m"; path = "org.chromium.socket/ChromeSocket.m"; sourceTree = "<group>"; fileEncoding = 4; };
		81F91017F9A74B8A984F9419 /* ChromeSocket.h */ = {isa = PBXFileReference; lastKnownFileType = sourcecode.c.h; name = "ChromeSocket.h"; path = "org.chromium.socket/ChromeSocket.h"; sourceTree = "<group>"; fileEncoding = 4; };
		BC388B8D7D8B42ADB8B3DF63 /* ChromeSocketsTcp.m */ = {isa = PBXFileReference; lastKnownFileType = sourcecode.c.objc; name = "ChromeSocketsTcp.m"; path = "org.chromium.sockets.tcp/ChromeSocketsTcp.m"; sourceTree = "<group>"; fileEncoding = 4; };
		48BBBCA0E0D74283803B61D6 /* ChromeSocketsTcp.h */ = {isa = PBXFileReference; lastKnownFileType = sourcecode.c.h; name = "ChromeSocketsTcp.h"; path = "org.chromium.sockets.tcp/ChromeSocketsTcp.h"; sourceTree = "<group>"; fileEncoding = 4; };
		212A89F1A78E43EE8AFB624F /* ChromeSocketsUdp.m */ = {isa = PBXFileReference; lastKnownFileType = sourcecode.c.objc; name = "ChromeSocketsUdp.m"; path = "org.chromium.sockets.udp/ChromeSocketsUdp.m"; sourceTree = "<group>"; fileEncoding = 4; };
		2B86C51393594AC09389BB91 /* libEstimoteSDK.a */ = {isa = PBXFileReference; lastKnownFileType = archive.ar; name = "libEstimoteSDK.a"; path = "Proximibee/Plugins/pl.makingwaves.estimotebeacons/libEstimoteSDK.a"; sourceTree = "<group>"; fileEncoding = 4; };
		FDEFC0676AE54BFB9BE52A8D /* EstimoteBeacons.m */ = {isa = PBXFileReference; lastKnownFileType = sourcecode.c.objc; name = "EstimoteBeacons.m"; path = "pl.makingwaves.estimotebeacons/EstimoteBeacons.m"; sourceTree = "<group>"; fileEncoding = 4; };
		D12B83D43394475C8840EAD0 /* ESTBeacon.h */ = {isa = PBXFileReference; lastKnownFileType = sourcecode.c.h; name = "ESTBeacon.h"; path = "pl.makingwaves.estimotebeacons/ESTBeacon.h"; sourceTree = "<group>"; fileEncoding = 4; };
		FB29C9BEDB0E454190A9F116 /* ESTBeaconDefinitions.h */ = {isa = PBXFileReference; lastKnownFileType = sourcecode.c.h; name = "ESTBeaconDefinitions.h"; path = "pl.makingwaves.estimotebeacons/ESTBeaconDefinitions.h"; sourceTree = "<group>"; fileEncoding = 4; };
		4D92875D4D6648E289F38E4B /* ESTBeaconFirmwareVO.h */ = {isa = PBXFileReference; lastKnownFileType = sourcecode.c.h; name = "ESTBeaconFirmwareVO.h"; path = "pl.makingwaves.estimotebeacons/ESTBeaconFirmwareVO.h"; sourceTree = "<group>"; fileEncoding = 4; };
		E1EAECB99CD74769A592904D /* ESTBeaconManager.h */ = {isa = PBXFileReference; lastKnownFileType = sourcecode.c.h; name = "ESTBeaconManager.h"; path = "pl.makingwaves.estimotebeacons/ESTBeaconManager.h"; sourceTree = "<group>"; fileEncoding = 4; };
		597B35ECFC8C43DB9CC409D7 /* ESTBeaconRegion.h */ = {isa = PBXFileReference; lastKnownFileType = sourcecode.c.h; name = "ESTBeaconRegion.h"; path = "pl.makingwaves.estimotebeacons/ESTBeaconRegion.h"; sourceTree = "<group>"; fileEncoding = 4; };
		C631A1FA27BD44B9BCF68E82 /* ESTBeaconUpdateConfig.h */ = {isa = PBXFileReference; lastKnownFileType = sourcecode.c.h; name = "ESTBeaconUpdateConfig.h"; path = "pl.makingwaves.estimotebeacons/ESTBeaconUpdateConfig.h"; sourceTree = "<group>"; fileEncoding = 4; };
		210AB6E30367488AA6F93974 /* ESTBeaconUpdateInfo.h */ = {isa = PBXFileReference; lastKnownFileType = sourcecode.c.h; name = "ESTBeaconUpdateInfo.h"; path = "pl.makingwaves.estimotebeacons/ESTBeaconUpdateInfo.h"; sourceTree = "<group>"; fileEncoding = 4; };
		8EEBF549B0544ED1BC448C0C /* ESTBeaconVO.h */ = {isa = PBXFileReference; lastKnownFileType = sourcecode.c.h; name = "ESTBeaconVO.h"; path = "pl.makingwaves.estimotebeacons/ESTBeaconVO.h"; sourceTree = "<group>"; fileEncoding = 4; };
		13D353EFB3514D7EA186A550 /* ESTBulkUpdater.h */ = {isa = PBXFileReference; lastKnownFileType = sourcecode.c.h; name = "ESTBulkUpdater.h"; path = "pl.makingwaves.estimotebeacons/ESTBulkUpdater.h"; sourceTree = "<group>"; fileEncoding = 4; };
		86E17029D4864F73B3F88000 /* ESTConfig.h */ = {isa = PBXFileReference; lastKnownFileType = sourcecode.c.h; name = "ESTConfig.h"; path = "pl.makingwaves.estimotebeacons/ESTConfig.h"; sourceTree = "<group>"; fileEncoding = 4; };
		28B6CD488B654518B870E040 /* ESTDateRule.h */ = {isa = PBXFileReference; lastKnownFileType = sourcecode.c.h; name = "ESTDateRule.h"; path = "pl.makingwaves.estimotebeacons/ESTDateRule.h"; sourceTree = "<group>"; fileEncoding = 4; };
		6E948F897EAA4AA0BEF89E27 /* ESTDefinitions.h */ = {isa = PBXFileReference; lastKnownFileType = sourcecode.c.h; name = "ESTDefinitions.h"; path = "pl.makingwaves.estimotebeacons/ESTDefinitions.h"; sourceTree = "<group>"; fileEncoding = 4; };
		525C5C0CB3D44206A8945B4E /* ESTFirmwareInfoVO.h */ = {isa = PBXFileReference; lastKnownFileType = sourcecode.c.h; name = "ESTFirmwareInfoVO.h"; path = "pl.makingwaves.estimotebeacons/ESTFirmwareInfoVO.h"; sourceTree = "<group>"; fileEncoding = 4; };
		E4ED4D81FA584AA3B7356619 /* ESTMotionRule.h */ = {isa = PBXFileReference; lastKnownFileType = sourcecode.c.h; name = "ESTMotionRule.h"; path = "pl.makingwaves.estimotebeacons/ESTMotionRule.h"; sourceTree = "<group>"; fileEncoding = 4; };
		68DA73EA380A44FEAD9C3BC0 /* ESTNearable.h */ = {isa = PBXFileReference; lastKnownFileType = sourcecode.c.h; name = "ESTNearable.h"; path = "pl.makingwaves.estimotebeacons/ESTNearable.h"; sourceTree = "<group>"; fileEncoding = 4; };
		3C0264CB36D54800BA362516 /* ESTNearableManager.h */ = {isa = PBXFileReference; lastKnownFileType = sourcecode.c.h; name = "ESTNearableManager.h"; path = "pl.makingwaves.estimotebeacons/ESTNearableManager.h"; sourceTree = "<group>"; fileEncoding = 4; };
		D4228384DD57483B8C969279 /* ESTNearableRule.h */ = {isa = PBXFileReference; lastKnownFileType = sourcecode.c.h; name = "ESTNearableRule.h"; path = "pl.makingwaves.estimotebeacons/ESTNearableRule.h"; sourceTree = "<group>"; fileEncoding = 4; };
		86140FF09C9E43BC90AFFDDA /* ESTOrientationRule.h */ = {isa = PBXFileReference; lastKnownFileType = sourcecode.c.h; name = "ESTOrientationRule.h"; path = "pl.makingwaves.estimotebeacons/ESTOrientationRule.h"; sourceTree = "<group>"; fileEncoding = 4; };
		C874866EFD47464690359C98 /* ESTProximityRule.h */ = {isa = PBXFileReference; lastKnownFileType = sourcecode.c.h; name = "ESTProximityRule.h"; path = "pl.makingwaves.estimotebeacons/ESTProximityRule.h"; sourceTree = "<group>"; fileEncoding = 4; };
		7084A692715942C6A4D7D362 /* ESTRule.h */ = {isa = PBXFileReference; lastKnownFileType = sourcecode.c.h; name = "ESTRule.h"; path = "pl.makingwaves.estimotebeacons/ESTRule.h"; sourceTree = "<group>"; fileEncoding = 4; };
		8DB4964118A641BD880E1FB9 /* ESTTemperatureRule.h */ = {isa = PBXFileReference; lastKnownFileType = sourcecode.c.h; name = "ESTTemperatureRule.h"; path = "pl.makingwaves.estimotebeacons/ESTTemperatureRule.h"; sourceTree = "<group>"; fileEncoding = 4; };
		79BECA1EA5F24CC38AD84FB1 /* ESTTrigger.h */ = {isa = PBXFileReference; lastKnownFileType = sourcecode.c.h; name = "ESTTrigger.h"; path = "pl.makingwaves.estimotebeacons/ESTTrigger.h"; sourceTree = "<group>"; fileEncoding = 4; };
		2D8438945E044A43868116B7 /* ESTTriggerManager.h */ = {isa = PBXFileReference; lastKnownFileType = sourcecode.c.h; name = "ESTTriggerManager.h"; path = "pl.makingwaves.estimotebeacons/ESTTriggerManager.h"; sourceTree = "<group>"; fileEncoding = 4; };
		245CEBDC59D04DA7AB6772FF /* EstimoteBeacons.h */ = {isa = PBXFileReference; lastKnownFileType = sourcecode.c.h; name = "EstimoteBeacons.h"; path = "pl.makingwaves.estimotebeacons/EstimoteBeacons.h"; sourceTree = "<group>"; fileEncoding = 4; };
		CB687AC39C9146BF9B2F90F5 /* WTWikitudePlugin.m */ = {isa = PBXFileReference; lastKnownFileType = sourcecode.c.objc; name = "WTWikitudePlugin.m"; path = "com.wikitude.phonegap.WikitudePlugin/WTWikitudePlugin.m"; sourceTree = "<group>"; fileEncoding = 4; };
		244E2B81EC2F4F74B3F4656A /* WTARViewController.m */ = {isa = PBXFileReference; lastKnownFileType = sourcecode.c.objc; name = "WTARViewController.m"; path = "com.wikitude.phonegap.WikitudePlugin/WTARViewController.m"; sourceTree = "<group>"; fileEncoding = 4; };
		04B63199CF7B4B998C1DEB7B /* libWikitudeSDK.a */ = {isa = PBXFileReference; lastKnownFileType = archive.ar; name = "libWikitudeSDK.a"; path = "Proximibee/Plugins/com.wikitude.phonegap.WikitudePlugin/libWikitudeSDK.a"; sourceTree = "<group>"; fileEncoding = 4; };
		4628AAEDB7BB4AE091376079 /* WTWikitudePlugin.h */ = {isa = PBXFileReference; lastKnownFileType = sourcecode.c.h; name = "WTWikitudePlugin.h"; path = "com.wikitude.phonegap.WikitudePlugin/WTWikitudePlugin.h"; sourceTree = "<group>"; fileEncoding = 4; };
		EBFA69E9E80F400E85736482 /* WTARViewController.h */ = {isa = PBXFileReference; lastKnownFileType = sourcecode.c.h; name = "WTARViewController.h"; path = "com.wikitude.phonegap.WikitudePlugin/WTARViewController.h"; sourceTree = "<group>"; fileEncoding = 4; };
		39A08BF4A5374C4C9551493F /* WikitudeSDK.h */ = {isa = PBXFileReference; lastKnownFileType = sourcecode.c.h; name = "WikitudeSDK.h"; path = "com.wikitude.phonegap.WikitudePlugin/WikitudeSDK.h"; sourceTree = "<group>"; fileEncoding = 4; };
		4D1A22D36F2C44519B84C41F /* WTArchitectView.h */ = {isa = PBXFileReference; lastKnownFileType = sourcecode.c.h; name = "WTArchitectView.h"; path = "com.wikitude.phonegap.WikitudePlugin/WTArchitectView.h"; sourceTree = "<group>"; fileEncoding = 4; };
		A0E346EF21F04CD4AF6477F3 /* WTNavigation.h */ = {isa = PBXFileReference; lastKnownFileType = sourcecode.c.h; name = "WTNavigation.h"; path = "com.wikitude.phonegap.WikitudePlugin/WTNavigation.h"; sourceTree = "<group>"; fileEncoding = 4; };
		5A867D4FF5D54F60864C576C /* WTStartupConfiguration.h */ = {isa = PBXFileReference; lastKnownFileType = sourcecode.c.h; name = "WTStartupConfiguration.h"; path = "com.wikitude.phonegap.WikitudePlugin/WTStartupConfiguration.h"; sourceTree = "<group>"; fileEncoding = 4; };
		DE995C041E9E42C3946EE8D8 /* WTArchitectViewDebugDelegate.h */ = {isa = PBXFileReference; lastKnownFileType = sourcecode.c.h; name = "WTArchitectViewDebugDelegate.h"; path = "com.wikitude.phonegap.WikitudePlugin/WTArchitectViewDebugDelegate.h"; sourceTree = "<group>"; fileEncoding = 4; };
		1AFC77E6C165403A910DD708 /* Accelerate.framework */ = {isa = PBXFileReference; lastKnownFileType = wrapper.framework; name = "Accelerate.framework"; path = "System/Library/Frameworks/Accelerate.framework"; sourceTree = SDKROOT; fileEncoding = 4; };
		1218778F1D084E26AE84D09B /* CoreMedia.framework */ = {isa = PBXFileReference; lastKnownFileType = wrapper.framework; name = "CoreMedia.framework"; path = "System/Library/Frameworks/CoreMedia.framework"; sourceTree = SDKROOT; fileEncoding = 4; };
		BB1783189C7F4556A496290F /* CoreText.framework */ = {isa = PBXFileReference; lastKnownFileType = wrapper.framework; name = "CoreText.framework"; path = "System/Library/Frameworks/CoreText.framework"; sourceTree = SDKROOT; fileEncoding = 4; };
		FAF8B5D7C28A4ACA930B8EEE /* Foundation.framework */ = {isa = PBXFileReference; lastKnownFileType = wrapper.framework; name = "Foundation.framework"; path = "System/Library/Frameworks/Foundation.framework"; sourceTree = SDKROOT; fileEncoding = 4; };
		EBA9BA52CC904172A0E037ED /* MediaPlayer.framework */ = {isa = PBXFileReference; lastKnownFileType = wrapper.framework; name = "MediaPlayer.framework"; path = "System/Library/Frameworks/MediaPlayer.framework"; sourceTree = SDKROOT; fileEncoding = 4; };
		033D68322AF9458BA4639106 /* libz.dylib */ = {isa = PBXFileReference; lastKnownFileType = "compiled.mach-o.dylib"; name = "libz.dylib"; path = "usr/lib/libz.dylib"; sourceTree = SDKROOT; fileEncoding = 4; };
/* End PBXFileReference section */

/* Begin PBXFrameworksBuildPhase section */
		1D60588F0D05DD3D006BFB54 /* Frameworks */ = {
			isa = PBXFrameworksBuildPhase;
			buildActionMask = 2147483647;
			files = (
				5B1594DD16A7569C00FEF299 /* AssetsLibrary.framework in Frameworks */,
				301BF552109A68D80062928A /* libCordova.a in Frameworks */,
				288765FD0DF74451002DB57D /* CoreGraphics.framework in Frameworks */,
				305D5FD1115AB8F900A74A75 /* MobileCoreServices.framework in Frameworks */,
				6208B6420052426085D4367F /* CoreBluetooth.framework in Frameworks */,
				6685F0632CC94385922251F7 /* libPayPalMobile.a in Frameworks */,
				12E16C81FDF64DEA924D25D8 /* AudioToolbox.framework in Frameworks */,
				2284F89AC556498EA3602EB5 /* AVFoundation.framework in Frameworks */,
				85148D08823F4A5EA636F11E /* CFNetwork.framework in Frameworks */,
				1D83C3EB59FA4C4A930DFD49 /* CoreLocation.framework in Frameworks */,
				70D4630A7ECE47D29EFD8671 /* CoreVideo.framework in Frameworks */,
				3CF4CC7F0E1D4379AF5E8A57 /* MessageUI.framework in Frameworks */,
				B3A7F82C6F5A49FEBE349F0E /* OpenGLES.framework in Frameworks */,
				88611F003A13480783648B95 /* Security.framework in Frameworks */,
				F1AD1B1A419B4F4796948E14 /* SystemConfiguration.framework in Frameworks */,
				856B910A2F4A4BBAA710B2A8 /* QuartzCore.framework in Frameworks */,
				64C5137FC27F4822A69C30F6 /* UIKit.framework in Frameworks */,
				EE8A7A926E3D4B9EBA8301AF /* libc++.dylib in Frameworks */,
				0ABEECFB07B84AC684F8F0B3 /* libPayPalMobile.a in Frameworks */,
				E7EFAAE99B6840129209C0E2 /* CoreMotion.framework in Frameworks */,
				BCD357F5E4B6413CAAB058E2 /* ImageIO.framework in Frameworks */,
				2AE40C1B049A4C8784D6219A /* libEstimoteSDK.a in Frameworks */,
				4B90746420B942BFAF67C56B /* libWikitudeSDK.a in Frameworks */,
				114D533E554C4C0EB6B164FE /* Accelerate.framework in Frameworks */,
				AA17C2DA901F4BCCA50FFABA /* CoreMedia.framework in Frameworks */,
				1B6CFB2E8C4A4C60946FFD12 /* CoreText.framework in Frameworks */,
				4AA320934B334C598DB6BD08 /* Foundation.framework in Frameworks */,
				F2720666540F41F6B912F268 /* MediaPlayer.framework in Frameworks */,
				85017AE6ECFA410B80A8DC4F /* libz.dylib in Frameworks */,
			);
			runOnlyForDeploymentPostprocessing = 0;
		};
/* End PBXFrameworksBuildPhase section */

/* Begin PBXGroup section */
		080E96DDFE201D6D7F000001 /* Classes */ = {
			isa = PBXGroup;
			children = (
				302D95EE14D2391D003F00A1 /* MainViewController.h */,
				302D95EF14D2391D003F00A1 /* MainViewController.m */,
				302D95F014D2391D003F00A1 /* MainViewController.xib */,
				1D3623240D0F684500981E51 /* AppDelegate.h */,
				1D3623250D0F684500981E51 /* AppDelegate.m */,
			);
			name = Classes;
			path = "Proximibee/Classes";
			sourceTree = SOURCE_ROOT;
		};
		19C28FACFE9D520D11CA2CBB /* Products */ = {
			isa = PBXGroup;
			children = (
				1D6058910D05DD3D006BFB54 /* Proximibee.app */,
			);
			name = Products;
			sourceTree = "<group>";
		};
		29B97314FDCFA39411CA2CEA /* CustomTemplate */ = {
			isa = PBXGroup;
			children = (
				EB87FDF41871DAF40020F90C /* config.xml */,
				EB87FDF31871DA8E0020F90C /* www */,
				EB87FDF21871DA7A0020F90C /* merges */,
				EB87FDF11871DA420020F90C /* Staging */,
				301BF52D109A57CC0062928A /* CordovaLib.xcodeproj */,
				080E96DDFE201D6D7F000001 /* Classes */,
				307C750510C5A3420062BCA9 /* Plugins */,
				29B97315FDCFA39411CA2CEA /* Other Sources */,
				29B97317FDCFA39411CA2CEA /* Resources */,
				29B97323FDCFA39411CA2CEA /* Frameworks */,
				19C28FACFE9D520D11CA2CBB /* Products */,
			);
			name = CustomTemplate;
			sourceTree = "<group>";
		};
		29B97315FDCFA39411CA2CEA /* Other Sources */ = {
			isa = PBXGroup;
			children = (
				32CA4F630368D1EE00C91783 /* Proximibee-Prefix.pch */,
				29B97316FDCFA39411CA2CEA /* main.m */,
			);
			name = "Other Sources";
			path = "Proximibee";
			sourceTree = "<group>";
		};
		29B97317FDCFA39411CA2CEA /* Resources */ = {
			isa = PBXGroup;
			children = (
				308D052D1370CCF300D202BF /* icons */,
				308D05311370CCF300D202BF /* splash */,
				8D1107310486CEB800E47090 /* Proximibee-Info.plist */,
				E15FDDC2C869447F8240C608 /* CDVNotification.bundle */,
			);
			name = Resources;
			path = "Proximibee/Resources";
			sourceTree = "<group>";
		};
		29B97323FDCFA39411CA2CEA /* Frameworks */ = {
			isa = PBXGroup;
			children = (
				5B1594DC16A7569C00FEF299 /* AssetsLibrary.framework */,
				288765FC0DF74451002DB57D /* CoreGraphics.framework */,
				305D5FD0115AB8F900A74A75 /* MobileCoreServices.framework */,
				167200B49EBF43269EADDAEE /* CoreBluetooth.framework */,
				F62C0F9C252D49E0B2013737 /* libPayPalMobile.a */,
				BD5AF31D0E6243EA9814A66E /* AudioToolbox.framework */,
				854DFA7AE8A34F4C8BA18F21 /* AVFoundation.framework */,
				F74906FDF2424B59B51CC3E6 /* CFNetwork.framework */,
				58332CAA76674E2A87EE728C /* CoreLocation.framework */,
				338C36C8372D48C3A1C573BE /* CoreVideo.framework */,
				E8501F6BDB554EE0B0E2016B /* MessageUI.framework */,
				63DD95DBC12F4FD09140C5EF /* OpenGLES.framework */,
				FE3CDD3FD795451486216EA4 /* Security.framework */,
				9E11B7866A894F1B8CE01C6D /* SystemConfiguration.framework */,
				55801EC99D6F47F7902DC742 /* QuartzCore.framework */,
				3248B16FEB4E4DABB47FCEC9 /* UIKit.framework */,
				EF2C8331484C4A14BCA0CA3C /* libc++.dylib */,
				E1286D4191DF4F7EA9A7F9DB /* libPayPalMobile.a */,
				F8D2F9EA54514263A9F79EC6 /* CoreMotion.framework */,
				E06A5C0BA8A34ADA8F336373 /* ImageIO.framework */,
				2B86C51393594AC09389BB91 /* libEstimoteSDK.a */,
				04B63199CF7B4B998C1DEB7B /* libWikitudeSDK.a */,
				1AFC77E6C165403A910DD708 /* Accelerate.framework */,
				1218778F1D084E26AE84D09B /* CoreMedia.framework */,
				BB1783189C7F4556A496290F /* CoreText.framework */,
				FAF8B5D7C28A4ACA930B8EEE /* Foundation.framework */,
				EBA9BA52CC904172A0E037ED /* MediaPlayer.framework */,
				033D68322AF9458BA4639106 /* libz.dylib */,
			);
			name = Frameworks;
			sourceTree = "<group>";
		};
		301BF52E109A57CC0062928A /* Products */ = {
			isa = PBXGroup;
			children = (
				301BF535109A57CC0062928A /* libCordova.a */,
			);
			name = Products;
			sourceTree = "<group>";
		};
		307C750510C5A3420062BCA9 /* Plugins */ = {
			isa = PBXGroup;
			children = (
				2C76DF5CCA4D48E08FF5F3B1 /* EVOBLE.m */,
				F9F329C522E34B4DBDBEB1A5 /* EVOBLE.h */,
				4C9F4166514F4FF8B8847099 /* MEGBluetoothSerial.m */,
				4DAE9FC05BE3400BB86D7433 /* CBPeripheral+Extensions.m */,
				2EB1399D1B8544FEAEED35E4 /* BLE.m */,
				02D2594B0F714FC3BEBB8B37 /* MEGBluetoothSerial.h */,
				DCB706CE63B74938837737CB /* CBPeripheral+Extensions.h */,
				879A20197FCF40AF82CB34BC /* BLE.h */,
				1CE4BC4B34944BFCBE7CE264 /* BLEDefines.h */,
				5BB155EA33B04AD7A4FD6FC1 /* PayPalMobileCordovaPlugin.m */,
				E12089AB69C04C82996F5822 /* PayPalMobileCordovaPlugin.h */,
				505EB97A3DD14CEFA07CAA77 /* PayPalConfiguration.h */,
				14DB7BDA44D44130B9FEE7FC /* PayPalFuturePaymentViewController.h */,
				CC734010914946A1B2DE6CFA /* PayPalMobile.h */,
				BF558F36DDF24DF2B3F829FA /* PayPalOAuthScopes.h */,
				96FBB9ADA2694719BF6B6D53 /* PayPalPayment.h */,
				B4DC38DEA13A478CB948C30E /* PayPalPaymentViewController.h */,
				CC9DA7AD0C06490E833F90D5 /* PayPalProfileSharingViewController.h */,
				74F1824B1EB44F9DAE048906 /* CDVLocationManager.m */,
				ADFB7296F25C487C9CBA127E /* AppDelegate+CDVLocationManager.m */,
				EFD14A338F084935A2ADEE2A /* LMLogger.m */,
				6AA2DF5EE5CB418ABDB8E025 /* CDVLocationManager.h */,
				6F6FB5A019074F7E80B1F900 /* AppDelegate+CDVLocationManager.h */,
				097B76432BC246AD814AC593 /* LMLogger.h */,
				1260FCC322624E478688EFDC /* CDVDevice.m */,
				7C12B0CED1184A379A5B8C30 /* CDVDevice.h */,
				ED8F41329C7E430CB6049F6A /* AppDelegate+APPLocalNotification.m */,
				E01FCA80A6A04CE483CD6266 /* APPLocalNotification.m */,
				D8961BA2A8A84C16A831213F /* APPLocalNotificationOptions.m */,
				C681EC674BBD47D3B80216DC /* UIApplication+APPLocalNotification.m */,
				A445EBD9FD8C4DB18C2FED39 /* UILocalNotification+APPLocalNotification.m */,
				9789A5BD46594768A69DEFF7 /* AppDelegate+APPLocalNotification.h */,
				BFA20ADD974543378BEA354D /* APPLocalNotification.h */,
				AD85159E90264D6D82BF8AD1 /* APPLocalNotificationOptions.h */,
				8E8A7C918815422B92C7EAB5 /* UIApplication+APPLocalNotification.h */,
				8AFBD9BE832F435CA73075AB /* UILocalNotification+APPLocalNotification.h */,
				2AAF4BF03E454A4CA2848716 /* UIImage+CropScaleOrientation.m */,
				260C0F0B645442D897D71CA7 /* CDVCamera.m */,
				0957252E3AD648C5839EADB2 /* CDVJpegHeaderWriter.m */,
				2722BEA4CA604EBD9A2DF25D /* UIImage+CropScaleOrientation.h */,
				624520F0AF594626A4A6DF09 /* CDVCamera.h */,
				00F96D36F13447C3B8AD278F /* CDVJpegHeaderWriter.h */,
				AD25AA74376543C0AA73BCB9 /* CDVExif.h */,
				22204F68A4E34D24BC32B3EA /* CDVLogger.m */,
				58C5C4D6CDA840E6A1268C66 /* CDVLogger.h */,
				13EC0C070C4C4297ACFEE713 /* CDVAccelerometer.m */,
				D0F70DF8A55044EAAFA4CD86 /* CDVAccelerometer.h */,
				06860BC090CF40AEA12F0D36 /* CDVCompass.m */,
				01AA838E66B74B28BBB39FD7 /* CDVCompass.h */,
				146D6F4D6F1B4841965EF8F5 /* CDVNotification.m */,
				DB11300A4F464F408613C723 /* CDVNotification.h */,
				4B3EF0E227684E55BC9E5B82 /* CDVLocation.m */,
				6105579389D246C4BFD6E2E5 /* CDVLocation.h */,
				3B8DCE818CBA406ABE5B1B65 /* CDVGlobalization.m */,
				E0FF81A1E7C94EC69D7553BB /* CDVGlobalization.h */,
				A939AFA9BF644FCEA822C675 /* CDVInAppBrowser.m */,
				8E959A93CBC14281A36D51B4 /* CDVInAppBrowser.h */,
				D2E6EC882373459089364B09 /* CDVConnection.m */,
				E40434C93FD34877BF164A72 /* CDVReachability.m */,
				B0F6614C517C437D9C33FC4B /* CDVConnection.h */,
				E8399EA7DBE74CC9A42BBA26 /* CDVReachability.h */,
				7F02C07E1EF148458EED290E /* CDVSplashScreen.m */,
				5A32BF009E23479D9D5B9D81 /* CDVSplashScreen.h */,
				185576384EF24257BB31AD44 /* CDVStatusBar.m */,
				945BCEA8DD2D409396F7F8DF /* CDVStatusBar.h */,
				5F72029E0DB3415395F8E5B8 /* CDVVibration.m */,
				4BBDBFC7D7D8480FA4F1449A /* CDVVibration.h */,
				815C5D0B680D4D72A58B4A5A /* GCDAsyncSocket.m */,
				B397B99E10CC4C3392342F17 /* GCDAsyncUdpSocket.m */,
				37E6DE0472C547D1AAAB23FC /* GCDAsyncSocket.h */,
				168273B5ED3A414D92369CB3 /* GCDAsyncUdpSocket.h */,
				EA3992D09704413AB6D2E946 /* ChromeSystemNetwork.m */,
				0E22D2143BEC4459807FE24D /* ChromeSocket.m */,
				81F91017F9A74B8A984F9419 /* ChromeSocket.h */,
				BC388B8D7D8B42ADB8B3DF63 /* ChromeSocketsTcp.m */,
				48BBBCA0E0D74283803B61D6 /* ChromeSocketsTcp.h */,
				212A89F1A78E43EE8AFB624F /* ChromeSocketsUdp.m */,
				FDEFC0676AE54BFB9BE52A8D /* EstimoteBeacons.m */,
				D12B83D43394475C8840EAD0 /* ESTBeacon.h */,
				FB29C9BEDB0E454190A9F116 /* ESTBeaconDefinitions.h */,
				4D92875D4D6648E289F38E4B /* ESTBeaconFirmwareVO.h */,
				E1EAECB99CD74769A592904D /* ESTBeaconManager.h */,
				597B35ECFC8C43DB9CC409D7 /* ESTBeaconRegion.h */,
				C631A1FA27BD44B9BCF68E82 /* ESTBeaconUpdateConfig.h */,
				210AB6E30367488AA6F93974 /* ESTBeaconUpdateInfo.h */,
				8EEBF549B0544ED1BC448C0C /* ESTBeaconVO.h */,
				13D353EFB3514D7EA186A550 /* ESTBulkUpdater.h */,
				86E17029D4864F73B3F88000 /* ESTConfig.h */,
				28B6CD488B654518B870E040 /* ESTDateRule.h */,
				6E948F897EAA4AA0BEF89E27 /* ESTDefinitions.h */,
				525C5C0CB3D44206A8945B4E /* ESTFirmwareInfoVO.h */,
				E4ED4D81FA584AA3B7356619 /* ESTMotionRule.h */,
				68DA73EA380A44FEAD9C3BC0 /* ESTNearable.h */,
				3C0264CB36D54800BA362516 /* ESTNearableManager.h */,
				D4228384DD57483B8C969279 /* ESTNearableRule.h */,
				86140FF09C9E43BC90AFFDDA /* ESTOrientationRule.h */,
				C874866EFD47464690359C98 /* ESTProximityRule.h */,
				7084A692715942C6A4D7D362 /* ESTRule.h */,
				8DB4964118A641BD880E1FB9 /* ESTTemperatureRule.h */,
				79BECA1EA5F24CC38AD84FB1 /* ESTTrigger.h */,
				2D8438945E044A43868116B7 /* ESTTriggerManager.h */,
				245CEBDC59D04DA7AB6772FF /* EstimoteBeacons.h */,
				CB687AC39C9146BF9B2F90F5 /* WTWikitudePlugin.m */,
				244E2B81EC2F4F74B3F4656A /* WTARViewController.m */,
				4628AAEDB7BB4AE091376079 /* WTWikitudePlugin.h */,
				EBFA69E9E80F400E85736482 /* WTARViewController.h */,
				39A08BF4A5374C4C9551493F /* WikitudeSDK.h */,
				4D1A22D36F2C44519B84C41F /* WTArchitectView.h */,
				A0E346EF21F04CD4AF6477F3 /* WTNavigation.h */,
				5A867D4FF5D54F60864C576C /* WTStartupConfiguration.h */,
				DE995C041E9E42C3946EE8D8 /* WTArchitectViewDebugDelegate.h */,
			);
			name = Plugins;
			path = "Proximibee/Plugins";
			sourceTree = SOURCE_ROOT;
		};
		308D052D1370CCF300D202BF /* icons */ = {
			isa = PBXGroup;
			children = (
				30C1856519D5FC0A00212699 /* icon-60@3x.png */,
				7E7966D41810823500FA85AD /* icon-40.png */,
				7E7966D51810823500FA85AD /* icon-40@2x.png */,
				7E7966D61810823500FA85AD /* icon-50.png */,
				7E7966D71810823500FA85AD /* icon-50@2x.png */,
				7E7966D81810823500FA85AD /* icon-60.png */,
				7E7966D91810823500FA85AD /* icon-60@2x.png */,
				7E7966DA1810823500FA85AD /* icon-76.png */,
				7E7966DB1810823500FA85AD /* icon-76@2x.png */,
				7E7966DC1810823500FA85AD /* icon-small.png */,
				7E7966DD1810823500FA85AD /* icon-small@2x.png */,
				30FC414816E50CA1004E6F35 /* icon-72@2x.png */,
				308D052E1370CCF300D202BF /* icon-72.png */,
				308D052F1370CCF300D202BF /* icon.png */,
				308D05301370CCF300D202BF /* icon@2x.png */,
			);
			path = icons;
			sourceTree = "<group>";
		};
		308D05311370CCF300D202BF /* splash */ = {
			isa = PBXGroup;
			children = (
				30B4F2FD19D5E07200D9F7D8 /* Default-667h.png */,
				30B4F2FE19D5E07200D9F7D8 /* Default-736h.png */,
				30B4F2FF19D5E07200D9F7D8 /* Default-Landscape-736h.png */,
				D4A0D8751607E02300AEF8BB /* Default-568h@2x~iphone.png */,
				3088BBB7154F3926009F9C59 /* Default-Landscape@2x~ipad.png */,
				3088BBB8154F3926009F9C59 /* Default-Landscape~ipad.png */,
				3088BBB9154F3926009F9C59 /* Default-Portrait@2x~ipad.png */,
				3088BBBA154F3926009F9C59 /* Default-Portrait~ipad.png */,
				3088BBBB154F3926009F9C59 /* Default@2x~iphone.png */,
				3088BBBC154F3926009F9C59 /* Default~iphone.png */,
			);
			path = splash;
			sourceTree = "<group>";
		};
		EB87FDF11871DA420020F90C /* Staging */ = {
			isa = PBXGroup;
			children = (
				F840E1F0165FE0F500CFE078 /* config.xml */,
				301BF56E109A69640062928A /* www */,
			);
			name = Staging;
			sourceTree = "<group>";
		};
/* End PBXGroup section */

/* Begin PBXNativeTarget section */
		1D6058900D05DD3D006BFB54 /* Proximibee */ = {
			isa = PBXNativeTarget;
			buildConfigurationList = 1D6058960D05DD3E006BFB54 /* Build configuration list for PBXNativeTarget "Proximibee" */;
			buildPhases = (
				304B58A110DAC018002A0835 /* Copy www directory */,
				1D60588D0D05DD3D006BFB54 /* Resources */,
				1D60588E0D05DD3D006BFB54 /* Sources */,
				1D60588F0D05DD3D006BFB54 /* Frameworks */,
			);
			buildRules = (
			);
			dependencies = (
				301BF551109A68C00062928A /* PBXTargetDependency */,
			);
			name = "Proximibee";
			productName = "Proximibee";
			productReference = 1D6058910D05DD3D006BFB54 /* Proximibee.app */;
			productType = "com.apple.product-type.application";
		};
/* End PBXNativeTarget section */

/* Begin PBXProject section */
		29B97313FDCFA39411CA2CEA /* Project object */ = {
			isa = PBXProject;
			attributes = {
				LastUpgradeCheck = 510;
			};
			buildConfigurationList = C01FCF4E08A954540054247B /* Build configuration list for PBXProject "__CLI__" */;
			compatibilityVersion = "Xcode 3.2";
			developmentRegion = English;
			hasScannedForEncodings = 1;
			knownRegions = (
				English,
				Japanese,
				French,
				German,
				en,
				es,
				de,
				se,
			);
			mainGroup = 29B97314FDCFA39411CA2CEA /* CustomTemplate */;
			projectDirPath = "";
			projectReferences = (
				{
					ProductGroup = 301BF52E109A57CC0062928A /* Products */;
					ProjectRef = 301BF52D109A57CC0062928A /* CordovaLib.xcodeproj */;
				},
			);
			projectRoot = "";
			targets = (
				1D6058900D05DD3D006BFB54 /* Proximibee */,
			);
		};
/* End PBXProject section */

/* Begin PBXReferenceProxy section */
		301BF535109A57CC0062928A /* libCordova.a */ = {
			isa = PBXReferenceProxy;
			fileType = archive.ar;
			path = libCordova.a;
			remoteRef = 301BF534109A57CC0062928A /* PBXContainerItemProxy */;
			sourceTree = BUILT_PRODUCTS_DIR;
		};
/* End PBXReferenceProxy section */

/* Begin PBXResourcesBuildPhase section */
		1D60588D0D05DD3D006BFB54 /* Resources */ = {
			isa = PBXResourcesBuildPhase;
			buildActionMask = 2147483647;
			files = (
				7E7966E41810823500FA85AD /* icon-76.png in Resources */,
				7E7966DF1810823500FA85AD /* icon-40@2x.png in Resources */,
				308D05371370CCF300D202BF /* icon-72.png in Resources */,
				30B4F30119D5E07200D9F7D8 /* Default-736h.png in Resources */,
				308D05381370CCF300D202BF /* icon.png in Resources */,
				308D05391370CCF300D202BF /* icon@2x.png in Resources */,
				302D95F214D2391D003F00A1 /* MainViewController.xib in Resources */,
				7E7966E01810823500FA85AD /* icon-50.png in Resources */,
				7E7966E31810823500FA85AD /* icon-60@2x.png in Resources */,
				7E7966E61810823500FA85AD /* icon-small.png in Resources */,
				3088BBBD154F3926009F9C59 /* Default-Landscape@2x~ipad.png in Resources */,
				3088BBBE154F3926009F9C59 /* Default-Landscape~ipad.png in Resources */,
				3088BBBF154F3926009F9C59 /* Default-Portrait@2x~ipad.png in Resources */,
				7E7966E71810823500FA85AD /* icon-small@2x.png in Resources */,
				3088BBC0154F3926009F9C59 /* Default-Portrait~ipad.png in Resources */,
				30B4F30019D5E07200D9F7D8 /* Default-667h.png in Resources */,
				7E7966DE1810823500FA85AD /* icon-40.png in Resources */,
				3088BBC1154F3926009F9C59 /* Default@2x~iphone.png in Resources */,
				7E7966E21810823500FA85AD /* icon-60.png in Resources */,
				3088BBC2154F3926009F9C59 /* Default~iphone.png in Resources */,
				D4A0D8761607E02300AEF8BB /* Default-568h@2x~iphone.png in Resources */,
				30B4F30219D5E07200D9F7D8 /* Default-Landscape-736h.png in Resources */,
				30C1856619D5FC0A00212699 /* icon-60@3x.png in Resources */,
				7E7966E11810823500FA85AD /* icon-50@2x.png in Resources */,
				7E7966E51810823500FA85AD /* icon-76@2x.png in Resources */,
				30FC414916E50CA1004E6F35 /* icon-72@2x.png in Resources */,
				A9D4F154D82449E7ADAAA198 /* CDVNotification.bundle in Resources */,
			);
			runOnlyForDeploymentPostprocessing = 0;
		};
/* End PBXResourcesBuildPhase section */

/* Begin PBXShellScriptBuildPhase section */
		304B58A110DAC018002A0835 /* Copy www directory */ = {
			isa = PBXShellScriptBuildPhase;
			buildActionMask = 2147483647;
			files = (
			);
			inputPaths = (
			);
			name = "Copy www directory";
			outputPaths = (
			);
			runOnlyForDeploymentPostprocessing = 0;
			shellPath = /bin/sh;
			shellScript = "cordova/lib/copy-www-build-step.sh";
			showEnvVarsInLog = 0;
		};
/* End PBXShellScriptBuildPhase section */

/* Begin PBXSourcesBuildPhase section */
		1D60588E0D05DD3D006BFB54 /* Sources */ = {
			isa = PBXSourcesBuildPhase;
			buildActionMask = 2147483647;
			files = (
				1D60589B0D05DD56006BFB54 /* main.m in Sources */,
				1D3623260D0F684500981E51 /* AppDelegate.m in Sources */,
				302D95F114D2391D003F00A1 /* MainViewController.m in Sources */,
				09EB173B217C4E98AB77E209 /* EVOBLE.m in Sources */,
				C670DBFFDCAE4863943DD762 /* MEGBluetoothSerial.m in Sources */,
				E27AD2D268864A6DB810CDC7 /* CBPeripheral+Extensions.m in Sources */,
				1754673B1C324EBE8AD0DCE8 /* BLE.m in Sources */,
				7AD32331D4A64453A4210FD7 /* PayPalMobileCordovaPlugin.m in Sources */,
				CB5542607E9F433FA875B6B7 /* CDVLocationManager.m in Sources */,
				073A3626063B4F91B22958CC /* AppDelegate+CDVLocationManager.m in Sources */,
				0A41690A962241048DD1505B /* LMLogger.m in Sources */,
				9750DE91BD79404E81FBD8C5 /* CDVDevice.m in Sources */,
				FB5180693B74444896D884CA /* AppDelegate+APPLocalNotification.m in Sources */,
				19E34E6A2DEB4964AA1650BF /* APPLocalNotification.m in Sources */,
				43FAA97976B843A5876F1748 /* APPLocalNotificationOptions.m in Sources */,
				B181FA5EBCAA440CBB47D2B2 /* UIApplication+APPLocalNotification.m in Sources */,
				044B2D28699241BD88BAA9E1 /* UILocalNotification+APPLocalNotification.m in Sources */,
				14FE1FF5D9DA40E5BBFA3CFF /* UIImage+CropScaleOrientation.m in Sources */,
				65BE95E648BF4E6BAC68381B /* CDVCamera.m in Sources */,
				1B171EDEE60F4936A01B2344 /* CDVJpegHeaderWriter.m in Sources */,
				803D035B01344961953A0E46 /* CDVLogger.m in Sources */,
				0F8DB7B6DD8D4E8C8D09CDA2 /* CDVAccelerometer.m in Sources */,
				A03C3F3528094F1F9AC25F8D /* CDVCompass.m in Sources */,
				90158223EBB545EC82A9A0A1 /* CDVNotification.m in Sources */,
				EF5D4F125DF14E88AF810B49 /* CDVLocation.m in Sources */,
				A52F6DFE7E8D4E20A7DAFE30 /* CDVGlobalization.m in Sources */,
				7CA855F26FAA49A2B4A3AB63 /* CDVInAppBrowser.m in Sources */,
				4726CA4A6F334657AC2C6951 /* CDVConnection.m in Sources */,
				C26F91DD7899436B92409859 /* CDVReachability.m in Sources */,
				572A5C7BC6394CE1A0AB29E9 /* CDVSplashScreen.m in Sources */,
				D62DA646DBA64814A1AFF3D7 /* CDVStatusBar.m in Sources */,
				670EEAD95CAB4E0F84616C99 /* CDVVibration.m in Sources */,
				FDC6CC6E7B444008B8DEB14E /* GCDAsyncSocket.m in Sources */,
				2FC5951312AD467091B6D73C /* GCDAsyncUdpSocket.m in Sources */,
				1FEDE247391A4BD1AF8B898B /* ChromeSystemNetwork.m in Sources */,
				71895AE9E4AD48ACBD3249D5 /* ChromeSocket.m in Sources */,
				9ED9022CB40B4C688553F0F2 /* ChromeSocketsTcp.m in Sources */,
				029CD8837A354117BA1E27F3 /* ChromeSocketsUdp.m in Sources */,
				2BAD653868304D728D059293 /* EstimoteBeacons.m in Sources */,
				BEAFCDDE1E6549C2A7B1D9E8 /* WTWikitudePlugin.m in Sources */,
				C17072ACCD444310B1E79F31 /* WTARViewController.m in Sources */,
			);
			runOnlyForDeploymentPostprocessing = 0;
		};
/* End PBXSourcesBuildPhase section */

/* Begin PBXTargetDependency section */
		301BF551109A68C00062928A /* PBXTargetDependency */ = {
			isa = PBXTargetDependency;
			name = CordovaLib;
			targetProxy = 301BF550109A68C00062928A /* PBXContainerItemProxy */;
		};
/* End PBXTargetDependency section */

/* Begin XCBuildConfiguration section */
		1D6058940D05DD3E006BFB54 /* Debug */ = {
			isa = XCBuildConfiguration;
			buildSettings = {
				ALWAYS_SEARCH_USER_PATHS = NO;
				CLANG_ENABLE_OBJC_ARC = YES;
				COPY_PHASE_STRIP = NO;
				GCC_DYNAMIC_NO_PIC = NO;
				GCC_OPTIMIZATION_LEVEL = 0;
				GCC_PRECOMPILE_PREFIX_HEADER = YES;
				GCC_PREFIX_HEADER = "Proximibee/Proximibee-Prefix.pch";
				GCC_THUMB_SUPPORT = NO;
				GCC_VERSION = "";
				INFOPLIST_FILE = "Proximibee/Proximibee-Info.plist";
				IPHONEOS_DEPLOYMENT_TARGET = 6.0;
				OTHER_LDFLAGS = (
					"-weak_framework",
					CoreFoundation,
					"-weak_framework",
					UIKit,
					"-weak_framework",
					AVFoundation,
					"-weak_framework",
					CoreMedia,
					"-weak-lSystem",
					"-ObjC",
				);
				PRODUCT_NAME = "Proximibee";
				TARGETED_DEVICE_FAMILY = "1,2";
				LIBRARY_SEARCH_PATHS = (
					"$(inherited)",
					"\"$(SRCROOT)/Proximibee/Plugins/com.paypal.cordova.mobilesdk\"",
					"\"$(SRCROOT)/Proximibee/Plugins/pl.makingwaves.estimotebeacons\"",
					"\"$(SRCROOT)/Proximibee/Plugins/com.wikitude.phonegap.WikitudePlugin\"",
				);
			};
			name = Debug;
		};
		1D6058950D05DD3E006BFB54 /* Release */ = {
			isa = XCBuildConfiguration;
			buildSettings = {
				ALWAYS_SEARCH_USER_PATHS = NO;
				CLANG_ENABLE_OBJC_ARC = YES;
				COPY_PHASE_STRIP = YES;
				GCC_PRECOMPILE_PREFIX_HEADER = YES;
				GCC_PREFIX_HEADER = "Proximibee/Proximibee-Prefix.pch";
				GCC_THUMB_SUPPORT = NO;
				GCC_VERSION = "";
				INFOPLIST_FILE = "Proximibee/Proximibee-Info.plist";
				IPHONEOS_DEPLOYMENT_TARGET = 6.0;
				OTHER_LDFLAGS = (
					"-weak_framework",
					CoreFoundation,
					"-weak_framework",
					UIKit,
					"-weak_framework",
					AVFoundation,
					"-weak_framework",
					CoreMedia,
					"-weak-lSystem",
					"-ObjC",
				);
				PRODUCT_NAME = "Proximibee";
				TARGETED_DEVICE_FAMILY = "1,2";
				LIBRARY_SEARCH_PATHS = (
					"$(inherited)",
					"\"$(SRCROOT)/Proximibee/Plugins/com.paypal.cordova.mobilesdk\"",
					"\"$(SRCROOT)/Proximibee/Plugins/pl.makingwaves.estimotebeacons\"",
					"\"$(SRCROOT)/Proximibee/Plugins/com.wikitude.phonegap.WikitudePlugin\"",
				);
			};
			name = Release;
		};
		C01FCF4F08A954540054247B /* Debug */ = {
			isa = XCBuildConfiguration;
			buildSettings = {
				CLANG_ENABLE_OBJC_ARC = YES;
				CLANG_WARN_BOOL_CONVERSION = YES;
				CLANG_WARN_CONSTANT_CONVERSION = YES;
				CLANG_WARN_EMPTY_BODY = YES;
				CLANG_WARN_ENUM_CONVERSION = YES;
				CLANG_WARN_INT_CONVERSION = YES;
				CLANG_WARN__DUPLICATE_METHOD_MATCH = YES;
				"CODE_SIGN_IDENTITY[sdk=iphoneos*]" = "iPhone Developer";
				GCC_C_LANGUAGE_STANDARD = c99;
				GCC_THUMB_SUPPORT = NO;
				GCC_VERSION = "";
				GCC_WARN_ABOUT_RETURN_TYPE = YES;
				GCC_WARN_UNDECLARED_SELECTOR = YES;
				GCC_WARN_UNINITIALIZED_AUTOS = YES;
				GCC_WARN_UNUSED_FUNCTION = YES;
				GCC_WARN_UNUSED_VARIABLE = YES;
				HEADER_SEARCH_PATHS = (
					"\"$(TARGET_BUILD_DIR)/usr/local/lib/include\"",
					"\"$(OBJROOT)/UninstalledProducts/include\"",
					"\"$(BUILT_PRODUCTS_DIR)\"",
				);
				IPHONEOS_DEPLOYMENT_TARGET = 6.0;
				ONLY_ACTIVE_ARCH = YES;
				OTHER_LDFLAGS = (
					"-weak_framework",
					CoreFoundation,
					"-weak_framework",
					UIKit,
					"-weak_framework",
					AVFoundation,
					"-weak_framework",
					CoreMedia,
					"-weak-lSystem",
					"-ObjC",
				);
				SDKROOT = iphoneos;
				SKIP_INSTALL = NO;
				USER_HEADER_SEARCH_PATHS = "";
			};
			name = Debug;
		};
		C01FCF5008A954540054247B /* Release */ = {
			isa = XCBuildConfiguration;
			buildSettings = {
				CLANG_ENABLE_OBJC_ARC = YES;
				CLANG_WARN_BOOL_CONVERSION = YES;
				CLANG_WARN_CONSTANT_CONVERSION = YES;
				CLANG_WARN_EMPTY_BODY = YES;
				CLANG_WARN_ENUM_CONVERSION = YES;
				CLANG_WARN_INT_CONVERSION = YES;
				CLANG_WARN__DUPLICATE_METHOD_MATCH = YES;
				"CODE_SIGN_IDENTITY[sdk=iphoneos*]" = "iPhone Developer";
				GCC_C_LANGUAGE_STANDARD = c99;
				GCC_THUMB_SUPPORT = NO;
				GCC_VERSION = "";
				GCC_WARN_ABOUT_RETURN_TYPE = YES;
				GCC_WARN_UNDECLARED_SELECTOR = YES;
				GCC_WARN_UNINITIALIZED_AUTOS = YES;
				GCC_WARN_UNUSED_FUNCTION = YES;
				GCC_WARN_UNUSED_VARIABLE = YES;
				HEADER_SEARCH_PATHS = (
					"\"$(TARGET_BUILD_DIR)/usr/local/lib/include\"",
					"\"$(OBJROOT)/UninstalledProducts/include\"",
					"\"$(BUILT_PRODUCTS_DIR)\"",
				);
				IPHONEOS_DEPLOYMENT_TARGET = 6.0;
				OTHER_LDFLAGS = (
					"-weak_framework",
					CoreFoundation,
					"-weak_framework",
					UIKit,
					"-weak_framework",
					AVFoundation,
					"-weak_framework",
					CoreMedia,
					"-weak-lSystem",
					"-ObjC",
				);
				SDKROOT = iphoneos;
				SKIP_INSTALL = NO;
				USER_HEADER_SEARCH_PATHS = "";
			};
			name = Release;
		};
/* End XCBuildConfiguration section */

/* Begin XCConfigurationList section */
		1D6058960D05DD3E006BFB54 /* Build configuration list for PBXNativeTarget "Proximibee" */ = {
			isa = XCConfigurationList;
			buildConfigurations = (
				1D6058940D05DD3E006BFB54 /* Debug */,
				1D6058950D05DD3E006BFB54 /* Release */,
			);
			defaultConfigurationIsVisible = 0;
			defaultConfigurationName = Release;
		};
		C01FCF4E08A954540054247B /* Build configuration list for PBXProject "__CLI__" */ = {
			isa = XCConfigurationList;
			buildConfigurations = (
				C01FCF4F08A954540054247B /* Debug */,
				C01FCF5008A954540054247B /* Release */,
			);
			defaultConfigurationIsVisible = 0;
			defaultConfigurationName = Release;
		};
/* End XCConfigurationList section */
	};
	rootObject = 29B97313FDCFA39411CA2CEA /* Project object */;
}
